// !$*UTF8*$!
{
	archiveVersion = 1;
	classes = {
	};
	objectVersion = 52;
	objects = {

/* Begin PBXBuildFile section */
		670F00E62569C14000A05BB6 /* Onboarding.swift in Sources */ = {isa = PBXBuildFile; fileRef = 670F00E52569C14000A05BB6 /* Onboarding.swift */; };
		670F00E82569C27400A05BB6 /* OnboardingNotifications.swift in Sources */ = {isa = PBXBuildFile; fileRef = 670F00E72569C27400A05BB6 /* OnboardingNotifications.swift */; };
		670F00EA2569CE4800A05BB6 /* OnboardingPodcastClient.swift in Sources */ = {isa = PBXBuildFile; fileRef = 670F00E92569CE4800A05BB6 /* OnboardingPodcastClient.swift */; };
		670F00EF256AD1B300A05BB6 /* OnboardingFeedlink.swift in Sources */ = {isa = PBXBuildFile; fileRef = 670F00EE256AD1B300A05BB6 /* OnboardingFeedlink.swift */; };
		670F00F4256C3CFB00A05BB6 /* Loading.swift in Sources */ = {isa = PBXBuildFile; fileRef = 670F00F3256C3CFB00A05BB6 /* Loading.swift */; };
		670F00F6256C4F3F00A05BB6 /* Overlay.swift in Sources */ = {isa = PBXBuildFile; fileRef = 670F00F5256C4F3F00A05BB6 /* Overlay.swift */; };
		6734F2A825609DC400BB95E5 /* URLImage in Frameworks */ = {isa = PBXBuildFile; productRef = 6734F2A725609DC400BB95E5 /* URLImage */; };
		6734F2AA25609DC400BB95E5 /* Apollo in Frameworks */ = {isa = PBXBuildFile; productRef = 6734F2A925609DC400BB95E5 /* Apollo */; };
		6734F2AC25609DC400BB95E5 /* ApolloSQLite in Frameworks */ = {isa = PBXBuildFile; productRef = 6734F2AB25609DC400BB95E5 /* ApolloSQLite */; };
		67420119257D2B87007CB04F /* Navigation.swift in Sources */ = {isa = PBXBuildFile; fileRef = 67420118257D2B87007CB04F /* Navigation.swift */; };
		67420121257D3500007CB04F /* ComposerMessage.swift in Sources */ = {isa = PBXBuildFile; fileRef = 67420120257D3500007CB04F /* ComposerMessage.swift */; };
		6742012E257D4328007CB04F /* PodcastClients.swift in Sources */ = {isa = PBXBuildFile; fileRef = 6742012D257D4328007CB04F /* PodcastClients.swift */; };
		67420133257D44CF007CB04F /* SettingsClient.swift in Sources */ = {isa = PBXBuildFile; fileRef = 67420132257D44CF007CB04F /* SettingsClient.swift */; };
		67578480257476D500BC8548 /* R.generated.swift in Sources */ = {isa = PBXBuildFile; fileRef = 6757847F257476D500BC8548 /* R.generated.swift */; };
		67970D4925608FAF00BD891D /* Network.swift in Sources */ = {isa = PBXBuildFile; fileRef = F51CA091252785B80091710E /* Network.swift */; };
		67970D4B25608FAF00BD891D /* UserManagementInterceptor.swift in Sources */ = {isa = PBXBuildFile; fileRef = 67970D302557602800BD891D /* UserManagementInterceptor.swift */; };
		67970D4D25608FB500BD891D /* FeedStream.swift in Sources */ = {isa = PBXBuildFile; fileRef = F59828AC25278FA400A8C2CB /* FeedStream.swift */; };
		67970D4E25608FB500BD891D /* ShareRow.swift in Sources */ = {isa = PBXBuildFile; fileRef = F59828A925278FA400A8C2CB /* ShareRow.swift */; };
		67970D4F25608FB500BD891D /* OnboardingLogin.swift in Sources */ = {isa = PBXBuildFile; fileRef = 67AB1287254487E0001CC7ED /* OnboardingLogin.swift */; };
		67970D5025608FB500BD891D /* SafariView.swift in Sources */ = {isa = PBXBuildFile; fileRef = 67AB129D25448D5E001CC7ED /* SafariView.swift */; };
		67970D5125608FB500BD891D /* RefreshableScrollView.swift in Sources */ = {isa = PBXBuildFile; fileRef = F59828AB25278FA400A8C2CB /* RefreshableScrollView.swift */; };
		67970D5425608FBC00BD891D /* ViewerModel.swift in Sources */ = {isa = PBXBuildFile; fileRef = 67870FAF2550CE66005F89DD /* ViewerModel.swift */; };
		67970D5525608FBC00BD891D /* TwitterService.swift in Sources */ = {isa = PBXBuildFile; fileRef = 67AB12812544879B001CC7ED /* TwitterService.swift */; };
		67970D5625608FBC00BD891D /* FeedStreamModel.swift in Sources */ = {isa = PBXBuildFile; fileRef = F539F19F2528A63B0080412A /* FeedStreamModel.swift */; };
		67B942742574080000412CDC /* Settings.swift in Sources */ = {isa = PBXBuildFile; fileRef = 67B942732574080000412CDC /* Settings.swift */; };
		67B94276257451ED00412CDC /* PodcastClientRow.swift in Sources */ = {isa = PBXBuildFile; fileRef = 67B94275257451EC00412CDC /* PodcastClientRow.swift */; };
		67B9427A25745F2900412CDC /* API.swift in Sources */ = {isa = PBXBuildFile; fileRef = 67B9427925745F2900412CDC /* API.swift */; };
		67B94281257467E500412CDC /* Rswift in Frameworks */ = {isa = PBXBuildFile; productRef = 67B94280257467E500412CDC /* Rswift */; };
		67D3FF42257AD66C00A86151 /* Composer.swift in Sources */ = {isa = PBXBuildFile; fileRef = 67D3FF41257AD66B00A86151 /* Composer.swift */; };
		67D3FF46257AD85700A86151 /* ComposerModel.swift in Sources */ = {isa = PBXBuildFile; fileRef = 67D3FF45257AD85700A86151 /* ComposerModel.swift */; };
		67D3FF4F257AE29800A86151 /* ActivityIndicator.swift in Sources */ = {isa = PBXBuildFile; fileRef = 67D3FF4E257AE29800A86151 /* ActivityIndicator.swift */; };
		67D3FF53257AE58D00A86151 /* ComposerEpisode.swift in Sources */ = {isa = PBXBuildFile; fileRef = 67D3FF52257AE58D00A86151 /* ComposerEpisode.swift */; };
		67D3FF59257AF37800A86151 /* EpisodeAttachment.swift in Sources */ = {isa = PBXBuildFile; fileRef = 67D3FF58257AF37800A86151 /* EpisodeAttachment.swift */; };
		67D3FF5F257B17E900A86151 /* SearchBar.swift in Sources */ = {isa = PBXBuildFile; fileRef = 67D3FF5E257B17E900A86151 /* SearchBar.swift */; };
		67D3FF63257B192E00A86151 /* ComposerSearch.swift in Sources */ = {isa = PBXBuildFile; fileRef = 67D3FF62257B192E00A86151 /* ComposerSearch.swift */; };
		67D3FF67257B1BD600A86151 /* ComposerPodcast.swift in Sources */ = {isa = PBXBuildFile; fileRef = 67D3FF66257B1BD600A86151 /* ComposerPodcast.swift */; };
		67D3FF73257C54E600A86151 /* NavigationStack in Frameworks */ = {isa = PBXBuildFile; productRef = 67D3FF72257C54E600A86151 /* NavigationStack */; };
		67EED64C2578703500A9DCEC /* ProfilePicture.swift in Sources */ = {isa = PBXBuildFile; fileRef = 67EED64B2578703500A9DCEC /* ProfilePicture.swift */; };
		67EED64F2578714F00A9DCEC /* Artwork.swift in Sources */ = {isa = PBXBuildFile; fileRef = 67EED64E2578714F00A9DCEC /* Artwork.swift */; };
		F56832D8253E2D8100730B7A /* PostView.swift in Sources */ = {isa = PBXBuildFile; fileRef = F56832D7253E2D8100730B7A /* PostView.swift */; };
		F5822FB2253A11F900AAA348 /* CustomShareViewController.swift in Sources */ = {isa = PBXBuildFile; fileRef = F5822FB0253A11F900AAA348 /* CustomShareViewController.swift */; };
		F5822FB3253A11F900AAA348 /* CustomShareViewController.xib in Resources */ = {isa = PBXBuildFile; fileRef = F5822FB1253A11F900AAA348 /* CustomShareViewController.xib */; };
		F5822FB7253A14FE00AAA348 /* ShareNavigationController.swift in Sources */ = {isa = PBXBuildFile; fileRef = F5822FB6253A14FE00AAA348 /* ShareNavigationController.swift */; };
		F5887B72251F4C3C00010D30 /* FeedShareExtension.appex in Embed App Extensions */ = {isa = PBXBuildFile; fileRef = F5887B68251F4C3C00010D30 /* FeedShareExtension.appex */; settings = {ATTRIBUTES = (RemoveHeadersOnCopy, ); }; };
		F5961CF42517937D00F93697 /* FeedShareApp.swift in Sources */ = {isa = PBXBuildFile; fileRef = F5961CF32517937D00F93697 /* FeedShareApp.swift */; };
		F5D9B34525166C4B0079F47B /* Localizable.strings in Resources */ = {isa = PBXBuildFile; fileRef = F5D9B34725166C4B0079F47B /* Localizable.strings */; };
		F5E7F8F02516527B0036448D /* Assets.xcassets in Resources */ = {isa = PBXBuildFile; fileRef = F5E7F8EF2516527B0036448D /* Assets.xcassets */; };
		F5E7F8F32516527B0036448D /* Preview Assets.xcassets in Resources */ = {isa = PBXBuildFile; fileRef = F5E7F8F22516527B0036448D /* Preview Assets.xcassets */; };
/* End PBXBuildFile section */

/* Begin PBXContainerItemProxy section */
		6734F29F25609BA900BB95E5 /* PBXContainerItemProxy */ = {
			isa = PBXContainerItemProxy;
			containerPortal = F5E7F8E02516527A0036448D /* Project object */;
			proxyType = 1;
			remoteGlobalIDString = F5887B67251F4C3C00010D30;
			remoteInfo = FeedShareExtension;
		};
/* End PBXContainerItemProxy section */

/* Begin PBXCopyFilesBuildPhase section */
		F5887B73251F4C3C00010D30 /* Embed App Extensions */ = {
			isa = PBXCopyFilesBuildPhase;
			buildActionMask = 2147483647;
			dstPath = "";
			dstSubfolderSpec = 13;
			files = (
				F5887B72251F4C3C00010D30 /* FeedShareExtension.appex in Embed App Extensions */,
			);
			name = "Embed App Extensions";
			runOnlyForDeploymentPostprocessing = 0;
		};
		F5F27D6B25475EFD00163278 /* Embed Frameworks */ = {
			isa = PBXCopyFilesBuildPhase;
			buildActionMask = 2147483647;
			dstPath = "";
			dstSubfolderSpec = 10;
			files = (
			);
			name = "Embed Frameworks";
			runOnlyForDeploymentPostprocessing = 0;
		};
/* End PBXCopyFilesBuildPhase section */

/* Begin PBXFileReference section */
		670F00E52569C14000A05BB6 /* Onboarding.swift */ = {isa = PBXFileReference; lastKnownFileType = sourcecode.swift; path = Onboarding.swift; sourceTree = "<group>"; };
		670F00E72569C27400A05BB6 /* OnboardingNotifications.swift */ = {isa = PBXFileReference; lastKnownFileType = sourcecode.swift; path = OnboardingNotifications.swift; sourceTree = "<group>"; };
		670F00E92569CE4800A05BB6 /* OnboardingPodcastClient.swift */ = {isa = PBXFileReference; lastKnownFileType = sourcecode.swift; path = OnboardingPodcastClient.swift; sourceTree = "<group>"; };
		670F00EE256AD1B300A05BB6 /* OnboardingFeedlink.swift */ = {isa = PBXFileReference; lastKnownFileType = sourcecode.swift; path = OnboardingFeedlink.swift; sourceTree = "<group>"; };
		670F00F3256C3CFB00A05BB6 /* Loading.swift */ = {isa = PBXFileReference; lastKnownFileType = sourcecode.swift; path = Loading.swift; sourceTree = "<group>"; };
		670F00F5256C4F3F00A05BB6 /* Overlay.swift */ = {isa = PBXFileReference; lastKnownFileType = sourcecode.swift; path = Overlay.swift; sourceTree = "<group>"; };
		67420118257D2B87007CB04F /* Navigation.swift */ = {isa = PBXFileReference; lastKnownFileType = sourcecode.swift; path = Navigation.swift; sourceTree = "<group>"; };
		67420120257D3500007CB04F /* ComposerMessage.swift */ = {isa = PBXFileReference; lastKnownFileType = sourcecode.swift; path = ComposerMessage.swift; sourceTree = "<group>"; };
		6742012D257D4328007CB04F /* PodcastClients.swift */ = {isa = PBXFileReference; lastKnownFileType = sourcecode.swift; path = PodcastClients.swift; sourceTree = "<group>"; };
		67420132257D44CF007CB04F /* SettingsClient.swift */ = {isa = PBXFileReference; lastKnownFileType = sourcecode.swift; path = SettingsClient.swift; sourceTree = "<group>"; };
		6757847F257476D500BC8548 /* R.generated.swift */ = {isa = PBXFileReference; fileEncoding = 4; lastKnownFileType = sourcecode.swift; path = R.generated.swift; sourceTree = "<group>"; };
		67870FAF2550CE66005F89DD /* ViewerModel.swift */ = {isa = PBXFileReference; lastKnownFileType = sourcecode.swift; path = ViewerModel.swift; sourceTree = "<group>"; };
		67970D302557602800BD891D /* UserManagementInterceptor.swift */ = {isa = PBXFileReference; lastKnownFileType = sourcecode.swift; path = UserManagementInterceptor.swift; sourceTree = "<group>"; };
		67970D462558ADF400BD891D /* ViewerModel.graphql */ = {isa = PBXFileReference; lastKnownFileType = text; path = ViewerModel.graphql; sourceTree = "<group>"; };
		67AB12812544879B001CC7ED /* TwitterService.swift */ = {isa = PBXFileReference; lastKnownFileType = sourcecode.swift; path = TwitterService.swift; sourceTree = "<group>"; };
		67AB1287254487E0001CC7ED /* OnboardingLogin.swift */ = {isa = PBXFileReference; lastKnownFileType = sourcecode.swift; path = OnboardingLogin.swift; sourceTree = "<group>"; };
		67AB129D25448D5E001CC7ED /* SafariView.swift */ = {isa = PBXFileReference; lastKnownFileType = sourcecode.swift; path = SafariView.swift; sourceTree = "<group>"; };
		67B942732574080000412CDC /* Settings.swift */ = {isa = PBXFileReference; lastKnownFileType = sourcecode.swift; path = Settings.swift; sourceTree = "<group>"; };
		67B94275257451EC00412CDC /* PodcastClientRow.swift */ = {isa = PBXFileReference; lastKnownFileType = sourcecode.swift; path = PodcastClientRow.swift; sourceTree = "<group>"; };
		67B942772574525E00412CDC /* PodcastClientRow.graphql */ = {isa = PBXFileReference; lastKnownFileType = text; path = PodcastClientRow.graphql; sourceTree = "<group>"; };
		67B9427925745F2900412CDC /* API.swift */ = {isa = PBXFileReference; fileEncoding = 4; lastKnownFileType = sourcecode.swift; path = API.swift; sourceTree = "<group>"; };
		67D3FF41257AD66B00A86151 /* Composer.swift */ = {isa = PBXFileReference; lastKnownFileType = sourcecode.swift; path = Composer.swift; sourceTree = "<group>"; };
		67D3FF45257AD85700A86151 /* ComposerModel.swift */ = {isa = PBXFileReference; lastKnownFileType = sourcecode.swift; path = ComposerModel.swift; sourceTree = "<group>"; };
		67D3FF49257AD8DA00A86151 /* ComposerModel.graphql */ = {isa = PBXFileReference; lastKnownFileType = text; path = ComposerModel.graphql; sourceTree = "<group>"; };
		67D3FF4E257AE29800A86151 /* ActivityIndicator.swift */ = {isa = PBXFileReference; lastKnownFileType = sourcecode.swift; path = ActivityIndicator.swift; sourceTree = "<group>"; };
		67D3FF52257AE58D00A86151 /* ComposerEpisode.swift */ = {isa = PBXFileReference; lastKnownFileType = sourcecode.swift; path = ComposerEpisode.swift; sourceTree = "<group>"; };
		67D3FF58257AF37800A86151 /* EpisodeAttachment.swift */ = {isa = PBXFileReference; lastKnownFileType = sourcecode.swift; path = EpisodeAttachment.swift; sourceTree = "<group>"; };
		67D3FF5E257B17E900A86151 /* SearchBar.swift */ = {isa = PBXFileReference; lastKnownFileType = sourcecode.swift; path = SearchBar.swift; sourceTree = "<group>"; };
		67D3FF62257B192E00A86151 /* ComposerSearch.swift */ = {isa = PBXFileReference; lastKnownFileType = sourcecode.swift; path = ComposerSearch.swift; sourceTree = "<group>"; };
		67D3FF66257B1BD600A86151 /* ComposerPodcast.swift */ = {isa = PBXFileReference; lastKnownFileType = sourcecode.swift; path = ComposerPodcast.swift; sourceTree = "<group>"; };
		67EED64B2578703500A9DCEC /* ProfilePicture.swift */ = {isa = PBXFileReference; lastKnownFileType = sourcecode.swift; path = ProfilePicture.swift; sourceTree = "<group>"; };
		67EED64E2578714F00A9DCEC /* Artwork.swift */ = {isa = PBXFileReference; lastKnownFileType = sourcecode.swift; path = Artwork.swift; sourceTree = "<group>"; };
		F51CA091252785B80091710E /* Network.swift */ = {isa = PBXFileReference; fileEncoding = 4; lastKnownFileType = sourcecode.swift; path = Network.swift; sourceTree = "<group>"; };
		F539F19F2528A63B0080412A /* FeedStreamModel.swift */ = {isa = PBXFileReference; lastKnownFileType = sourcecode.swift; path = FeedStreamModel.swift; sourceTree = "<group>"; };
		F56832D7253E2D8100730B7A /* PostView.swift */ = {isa = PBXFileReference; lastKnownFileType = sourcecode.swift; path = PostView.swift; sourceTree = "<group>"; };
		F5822FAF253A11F900AAA348 /* FeedShareExtension-Bridging-Header.h */ = {isa = PBXFileReference; lastKnownFileType = sourcecode.c.h; path = "FeedShareExtension-Bridging-Header.h"; sourceTree = "<group>"; };
		F5822FB0253A11F900AAA348 /* CustomShareViewController.swift */ = {isa = PBXFileReference; lastKnownFileType = sourcecode.swift; path = CustomShareViewController.swift; sourceTree = "<group>"; };
		F5822FB1253A11F900AAA348 /* CustomShareViewController.xib */ = {isa = PBXFileReference; lastKnownFileType = file.xib; path = CustomShareViewController.xib; sourceTree = "<group>"; };
		F5822FB6253A14FE00AAA348 /* ShareNavigationController.swift */ = {isa = PBXFileReference; lastKnownFileType = sourcecode.swift; path = ShareNavigationController.swift; sourceTree = "<group>"; };
		F5887B68251F4C3C00010D30 /* FeedShareExtension.appex */ = {isa = PBXFileReference; explicitFileType = "wrapper.app-extension"; includeInIndex = 0; path = FeedShareExtension.appex; sourceTree = BUILT_PRODUCTS_DIR; };
		F5887B6F251F4C3C00010D30 /* Info.plist */ = {isa = PBXFileReference; lastKnownFileType = text.plist.xml; path = Info.plist; sourceTree = "<group>"; };
		F5961CF32517937D00F93697 /* FeedShareApp.swift */ = {isa = PBXFileReference; fileEncoding = 4; lastKnownFileType = sourcecode.swift; path = FeedShareApp.swift; sourceTree = "<group>"; };
		F59828A625278FA400A8C2CB /* EpisodeAttachment.graphql */ = {isa = PBXFileReference; fileEncoding = 4; lastKnownFileType = text; path = EpisodeAttachment.graphql; sourceTree = "<group>"; };
		F59828A725278FA400A8C2CB /* ShareRow.graphql */ = {isa = PBXFileReference; fileEncoding = 4; lastKnownFileType = text; path = ShareRow.graphql; sourceTree = "<group>"; };
		F59828A925278FA400A8C2CB /* ShareRow.swift */ = {isa = PBXFileReference; fileEncoding = 4; lastKnownFileType = sourcecode.swift; path = ShareRow.swift; sourceTree = "<group>"; };
		F59828AA25278FA400A8C2CB /* FeedStreamModel.graphql */ = {isa = PBXFileReference; fileEncoding = 4; lastKnownFileType = text; path = FeedStreamModel.graphql; sourceTree = "<group>"; };
		F59828AB25278FA400A8C2CB /* RefreshableScrollView.swift */ = {isa = PBXFileReference; fileEncoding = 4; lastKnownFileType = sourcecode.swift; path = RefreshableScrollView.swift; sourceTree = "<group>"; };
		F59828AC25278FA400A8C2CB /* FeedStream.swift */ = {isa = PBXFileReference; fileEncoding = 4; lastKnownFileType = sourcecode.swift; path = FeedStream.swift; sourceTree = "<group>"; };
		F5D9B34625166C4B0079F47B /* en */ = {isa = PBXFileReference; lastKnownFileType = text.plist.strings; name = en; path = en.lproj/Localizable.strings; sourceTree = "<group>"; };
		F5D9B34825166D5C0079F47B /* de */ = {isa = PBXFileReference; lastKnownFileType = text.plist.strings; name = de; path = de.lproj/Localizable.strings; sourceTree = "<group>"; };
		F5D9B34A251675700079F47B /* Rswift.framework */ = {isa = PBXFileReference; lastKnownFileType = wrapper.framework; name = Rswift.framework; path = ../Frameworks/Carthage/Build/iOS/Rswift.framework; sourceTree = "<group>"; };
		F5E7F8E82516527A0036448D /* FeedShare.app */ = {isa = PBXFileReference; explicitFileType = wrapper.application; includeInIndex = 0; path = FeedShare.app; sourceTree = BUILT_PRODUCTS_DIR; };
		F5E7F8EF2516527B0036448D /* Assets.xcassets */ = {isa = PBXFileReference; lastKnownFileType = folder.assetcatalog; path = Assets.xcassets; sourceTree = "<group>"; };
		F5E7F8F22516527B0036448D /* Preview Assets.xcassets */ = {isa = PBXFileReference; lastKnownFileType = folder.assetcatalog; path = "Preview Assets.xcassets"; sourceTree = "<group>"; };
		F5E7F8F42516527B0036448D /* Info.plist */ = {isa = PBXFileReference; lastKnownFileType = text.plist.xml; path = Info.plist; sourceTree = "<group>"; };
/* End PBXFileReference section */

/* Begin PBXFrameworksBuildPhase section */
		F5887B65251F4C3C00010D30 /* Frameworks */ = {
			isa = PBXFrameworksBuildPhase;
			buildActionMask = 2147483647;
			files = (
			);
			runOnlyForDeploymentPostprocessing = 0;
		};
		F5E7F8E52516527A0036448D /* Frameworks */ = {
			isa = PBXFrameworksBuildPhase;
			buildActionMask = 2147483647;
			files = (
				6734F2A825609DC400BB95E5 /* URLImage in Frameworks */,
				67B94281257467E500412CDC /* Rswift in Frameworks */,
				67D3FF73257C54E600A86151 /* NavigationStack in Frameworks */,
				6734F2AC25609DC400BB95E5 /* ApolloSQLite in Frameworks */,
				6734F2AA25609DC400BB95E5 /* Apollo in Frameworks */,
			);
			runOnlyForDeploymentPostprocessing = 0;
		};
/* End PBXFrameworksBuildPhase section */

/* Begin PBXGroup section */
		67420125257D3ACC007CB04F /* Composer */ = {
			isa = PBXGroup;
			children = (
				67D3FF41257AD66B00A86151 /* Composer.swift */,
				67D3FF62257B192E00A86151 /* ComposerSearch.swift */,
				67D3FF52257AE58D00A86151 /* ComposerEpisode.swift */,
				67420120257D3500007CB04F /* ComposerMessage.swift */,
				67D3FF66257B1BD600A86151 /* ComposerPodcast.swift */,
				67D3FF45257AD85700A86151 /* ComposerModel.swift */,
				67D3FF49257AD8DA00A86151 /* ComposerModel.graphql */,
			);
			path = Composer;
			sourceTree = "<group>";
		};
		67420127257D3AE3007CB04F /* Onboarding */ = {
			isa = PBXGroup;
			children = (
				670F00E52569C14000A05BB6 /* Onboarding.swift */,
				67AB1287254487E0001CC7ED /* OnboardingLogin.swift */,
				670F00E72569C27400A05BB6 /* OnboardingNotifications.swift */,
				670F00E92569CE4800A05BB6 /* OnboardingPodcastClient.swift */,
				670F00EE256AD1B300A05BB6 /* OnboardingFeedlink.swift */,
				67AB129D25448D5E001CC7ED /* SafariView.swift */,
				67AB12812544879B001CC7ED /* TwitterService.swift */,
			);
			path = Onboarding;
			sourceTree = "<group>";
		};
		67420129257D3AF9007CB04F /* FeedStream */ = {
			isa = PBXGroup;
			children = (
				F59828AB25278FA400A8C2CB /* RefreshableScrollView.swift */,
				F59828AC25278FA400A8C2CB /* FeedStream.swift */,
				F539F19F2528A63B0080412A /* FeedStreamModel.swift */,
				F59828AA25278FA400A8C2CB /* FeedStreamModel.graphql */,
				F59828A925278FA400A8C2CB /* ShareRow.swift */,
				F59828A725278FA400A8C2CB /* ShareRow.graphql */,
			);
			path = FeedStream;
			sourceTree = "<group>";
		};
		67420136257D46A6007CB04F /* Settings */ = {
			isa = PBXGroup;
			children = (
				67B942732574080000412CDC /* Settings.swift */,
				67420132257D44CF007CB04F /* SettingsClient.swift */,
			);
			path = Settings;
			sourceTree = "<group>";
		};
		F5887B69251F4C3C00010D30 /* FeedShareExtension */ = {
			isa = PBXGroup;
			children = (
				F5887B6F251F4C3C00010D30 /* Info.plist */,
				F5822FB0253A11F900AAA348 /* CustomShareViewController.swift */,
				F5822FB1253A11F900AAA348 /* CustomShareViewController.xib */,
				F5822FAF253A11F900AAA348 /* FeedShareExtension-Bridging-Header.h */,
				F5822FB6253A14FE00AAA348 /* ShareNavigationController.swift */,
				F56832D7253E2D8100730B7A /* PostView.swift */,
			);
			path = FeedShareExtension;
			sourceTree = "<group>";
		};
		F5D9B349251675700079F47B /* Frameworks */ = {
			isa = PBXGroup;
			children = (
				F5D9B34A251675700079F47B /* Rswift.framework */,
			);
			name = Frameworks;
			sourceTree = "<group>";
		};
		F5E7F8DF2516527A0036448D = {
			isa = PBXGroup;
			children = (
				F5E7F8EA2516527A0036448D /* FeedShare */,
				F5887B69251F4C3C00010D30 /* FeedShareExtension */,
				F5E7F8E92516527A0036448D /* Products */,
				F5D9B349251675700079F47B /* Frameworks */,
			);
			sourceTree = "<group>";
		};
		F5E7F8E92516527A0036448D /* Products */ = {
			isa = PBXGroup;
			children = (
				F5E7F8E82516527A0036448D /* FeedShare.app */,
				F5887B68251F4C3C00010D30 /* FeedShareExtension.appex */,
			);
			name = Products;
			sourceTree = "<group>";
		};
		F5E7F8EA2516527A0036448D /* FeedShare */ = {
			isa = PBXGroup;
			children = (
				F5961CF32517937D00F93697 /* FeedShareApp.swift */,
				670F00F3256C3CFB00A05BB6 /* Loading.swift */,
				670F00F5256C4F3F00A05BB6 /* Overlay.swift */,
				67420118257D2B87007CB04F /* Navigation.swift */,
				67D3FF4E257AE29800A86151 /* ActivityIndicator.swift */,
				67D3FF5E257B17E900A86151 /* SearchBar.swift */,
				67EED64B2578703500A9DCEC /* ProfilePicture.swift */,
				67EED64E2578714F00A9DCEC /* Artwork.swift */,
				6742012D257D4328007CB04F /* PodcastClients.swift */,
				67B94275257451EC00412CDC /* PodcastClientRow.swift */,
				67B942772574525E00412CDC /* PodcastClientRow.graphql */,
				F51CA091252785B80091710E /* Network.swift */,
				67970D302557602800BD891D /* UserManagementInterceptor.swift */,
				67D3FF58257AF37800A86151 /* EpisodeAttachment.swift */,
				F59828A625278FA400A8C2CB /* EpisodeAttachment.graphql */,
				67870FAF2550CE66005F89DD /* ViewerModel.swift */,
				67970D462558ADF400BD891D /* ViewerModel.graphql */,
				67420127257D3AE3007CB04F /* Onboarding */,
				67420129257D3AF9007CB04F /* FeedStream */,
				67420136257D46A6007CB04F /* Settings */,
				67420125257D3ACC007CB04F /* Composer */,
				F5E7F8EF2516527B0036448D /* Assets.xcassets */,
				F5E7F90B251653830036448D /* Supporting Files */,
				F5E7F8F12516527B0036448D /* Preview Content */,
			);
			path = FeedShare;
			sourceTree = "<group>";
		};
		F5E7F8F12516527B0036448D /* Preview Content */ = {
			isa = PBXGroup;
			children = (
				F5E7F8F22516527B0036448D /* Preview Assets.xcassets */,
			);
			path = "Preview Content";
			sourceTree = "<group>";
		};
		F5E7F90B251653830036448D /* Supporting Files */ = {
			isa = PBXGroup;
			children = (
				67B9427925745F2900412CDC /* API.swift */,
				6757847F257476D500BC8548 /* R.generated.swift */,
				F5E7F8F42516527B0036448D /* Info.plist */,
				F5D9B34725166C4B0079F47B /* Localizable.strings */,
			);
			path = "Supporting Files";
			sourceTree = "<group>";
		};
/* End PBXGroup section */

/* Begin PBXNativeTarget section */
		F5887B67251F4C3C00010D30 /* FeedShareExtension */ = {
			isa = PBXNativeTarget;
			buildConfigurationList = F5887B76251F4C3C00010D30 /* Build configuration list for PBXNativeTarget "FeedShareExtension" */;
			buildPhases = (
				F5887B64251F4C3C00010D30 /* Sources */,
				F5887B65251F4C3C00010D30 /* Frameworks */,
				F5887B66251F4C3C00010D30 /* Resources */,
				F5F27D6B25475EFD00163278 /* Embed Frameworks */,
			);
			buildRules = (
			);
			dependencies = (
				6734F2A225609BD900BB95E5 /* PBXTargetDependency */,
				6734F2A425609BD900BB95E5 /* PBXTargetDependency */,
				6734F2A625609BD900BB95E5 /* PBXTargetDependency */,
			);
			name = FeedShareExtension;
			packageProductDependencies = (
			);
			productName = FeedShareExtension;
			productReference = F5887B68251F4C3C00010D30 /* FeedShareExtension.appex */;
			productType = "com.apple.product-type.app-extension";
		};
		F5E7F8E72516527A0036448D /* FeedShare */ = {
			isa = PBXNativeTarget;
			buildConfigurationList = F5E7F8F72516527B0036448D /* Build configuration list for PBXNativeTarget "FeedShare" */;
			buildPhases = (
				67970D5A2560936300BD891D /* Apollo GraphQL codegen */,
				F5E7F90A251653520036448D /* RSwift */,
				F5E7F8E52516527A0036448D /* Frameworks */,
				F5E7F90C251654460036448D /* Swiftlint */,
				67B9427825745D9B00412CDC /* SwiftFormat */,
				F5E7F8E42516527A0036448D /* Sources */,
				F5E7F8E62516527A0036448D /* Resources */,
				F5887B73251F4C3C00010D30 /* Embed App Extensions */,
			);
			buildRules = (
			);
			dependencies = (
				6734F2A025609BA900BB95E5 /* PBXTargetDependency */,
			);
			name = FeedShare;
			packageProductDependencies = (
				6734F2A725609DC400BB95E5 /* URLImage */,
				6734F2A925609DC400BB95E5 /* Apollo */,
				6734F2AB25609DC400BB95E5 /* ApolloSQLite */,
				67B94280257467E500412CDC /* Rswift */,
				67D3FF72257C54E600A86151 /* NavigationStack */,
			);
			productName = FeedShare;
			productReference = F5E7F8E82516527A0036448D /* FeedShare.app */;
			productType = "com.apple.product-type.application";
		};
/* End PBXNativeTarget section */

/* Begin PBXProject section */
		F5E7F8E02516527A0036448D /* Project object */ = {
			isa = PBXProject;
			attributes = {
				LastSwiftUpdateCheck = 1200;
				LastUpgradeCheck = 1200;
				TargetAttributes = {
					F5887B67251F4C3C00010D30 = {
						CreatedOnToolsVersion = 12.0.1;
						LastSwiftMigration = 1200;
					};
					F5E7F8E72516527A0036448D = {
						CreatedOnToolsVersion = 12.0;
					};
				};
			};
			buildConfigurationList = F5E7F8E32516527A0036448D /* Build configuration list for PBXProject "FeedShare" */;
			compatibilityVersion = "Xcode 9.3";
			developmentRegion = en;
			hasScannedForEncodings = 0;
			knownRegions = (
				en,
				Base,
				de,
			);
			mainGroup = F5E7F8DF2516527A0036448D;
			packageReferences = (
				67CCCB852520FE7A00BA99F4 /* XCRemoteSwiftPackageReference "url-image" */,
				F598287E25278C4300A8C2CB /* XCRemoteSwiftPackageReference "apollo-ios" */,
				67B9427B25745F9E00412CDC /* XCRemoteSwiftPackageReference "R.swift" */,
				67D3FF71257C54E600A86151 /* XCRemoteSwiftPackageReference "swiftui-navigation-stack" */,
			);
			productRefGroup = F5E7F8E92516527A0036448D /* Products */;
			projectDirPath = "";
			projectRoot = "";
			targets = (
				F5E7F8E72516527A0036448D /* FeedShare */,
				F5887B67251F4C3C00010D30 /* FeedShareExtension */,
			);
		};
/* End PBXProject section */

/* Begin PBXResourcesBuildPhase section */
		F5887B66251F4C3C00010D30 /* Resources */ = {
			isa = PBXResourcesBuildPhase;
			buildActionMask = 2147483647;
			files = (
				F5822FB3253A11F900AAA348 /* CustomShareViewController.xib in Resources */,
			);
			runOnlyForDeploymentPostprocessing = 0;
		};
		F5E7F8E62516527A0036448D /* Resources */ = {
			isa = PBXResourcesBuildPhase;
			buildActionMask = 2147483647;
			files = (
				F5E7F8F32516527B0036448D /* Preview Assets.xcassets in Resources */,
				F5D9B34525166C4B0079F47B /* Localizable.strings in Resources */,
				F5E7F8F02516527B0036448D /* Assets.xcassets in Resources */,
			);
			runOnlyForDeploymentPostprocessing = 0;
		};
/* End PBXResourcesBuildPhase section */

/* Begin PBXShellScriptBuildPhase section */
		67970D5A2560936300BD891D /* Apollo GraphQL codegen */ = {
			isa = PBXShellScriptBuildPhase;
			buildActionMask = 12;
			files = (
			);
			inputFileListPaths = (
			);
			inputPaths = (
			);
			name = "Apollo GraphQL codegen";
			outputFileListPaths = (
			);
			outputPaths = (
			);
			runOnlyForDeploymentPostprocessing = 0;
			shellPath = /bin/sh;
			shellScript = "# Go to the build root and search up the chain to find the Derived Data Path where the source packages are checked out.\nDERIVED_DATA_CANDIDATE=\"${BUILD_ROOT}\"\nwhile ! [ -d \"${DERIVED_DATA_CANDIDATE}/SourcePackages\" ]; do\n  if [ \"${DERIVED_DATA_CANDIDATE}\" = / ]; then\n    echo >&2 \"error: Unable to locate SourcePackages directory from BUILD_ROOT: '${BUILD_ROOT}'\"\n    exit 1\n  fi\n\n  DERIVED_DATA_CANDIDATE=\"$(dirname \"${DERIVED_DATA_CANDIDATE}\")\"\ndone\n\n# Grab a reference to the directory where scripts are checked out\nSCRIPT_PATH=\"${DERIVED_DATA_CANDIDATE}/SourcePackages/checkouts/apollo-ios/scripts\"\n\nif [ -z \"${SCRIPT_PATH}\" ]; then\n    echo >&2 \"error: Couldn't find the CLI script in your checked out SPM packages; make sure to add the framework to your project.\"\n    exit 1\nfi\n\ncd \"${SRCROOT}/${TARGET_NAME}/\"\n\"${SCRIPT_PATH}\"/run-bundled-codegen.sh codegen:generate --target=swift --includes=./**/*.graphql --localSchemaFile=\"../../server/api.json\" \"Supporting Files/API.swift\"\n";
		};
		67B9427825745D9B00412CDC /* SwiftFormat */ = {
			isa = PBXShellScriptBuildPhase;
			buildActionMask = 8;
			files = (
			);
			inputFileListPaths = (
			);
			inputPaths = (
			);
			name = SwiftFormat;
			outputFileListPaths = (
			);
			outputPaths = (
			);
			runOnlyForDeploymentPostprocessing = 1;
			shellPath = /bin/sh;
			shellScript = "cd BuildTools\nSDKROOT=macosx\n\n#Temporarily uncomment the following line to update your packages (based on the versions defined in BuildTools/Package.swift)\n#swift package update\n\n#Run your build tool - using swiftformat as an example\nswift run -c release swiftformat \"$SRCROOT\"\n";
		};
		F5E7F90A251653520036448D /* RSwift */ = {
			isa = PBXShellScriptBuildPhase;
			buildActionMask = 8;
			files = (
			);
			inputFileListPaths = (
			);
			inputPaths = (
				"$TEMP_DIR/rswift-lastrun",
			);
			name = RSwift;
			outputFileListPaths = (
			);
			outputPaths = (
				"$SRCROOT/FeedShare/Supporting Files/R.generated.swift",
			);
			runOnlyForDeploymentPostprocessing = 1;
			shellPath = /bin/sh;
			shellScript = "cd BuildTools\nSDKROOT=macosx\nswift run -c release rswift generate \"$SRCROOT/FeedShare/Supporting Files/R.generated.swift\"\n";
		};
		F5E7F90C251654460036448D /* Swiftlint */ = {
			isa = PBXShellScriptBuildPhase;
			buildActionMask = 2147483647;
			files = (
			);
			inputFileListPaths = (
			);
			inputPaths = (
			);
			name = Swiftlint;
			outputFileListPaths = (
			);
			outputPaths = (
			);
			runOnlyForDeploymentPostprocessing = 0;
			shellPath = /bin/sh;
			shellScript = "if which swiftlint >/dev/null; then\n  swiftlint\nelse\n  echo \"warning: SwiftLint not installed, download from https://github.com/realm/SwiftLint\"\nfi\n";
		};
/* End PBXShellScriptBuildPhase section */

/* Begin PBXSourcesBuildPhase section */
		F5887B64251F4C3C00010D30 /* Sources */ = {
			isa = PBXSourcesBuildPhase;
			buildActionMask = 2147483647;
			files = (
				F5822FB2253A11F900AAA348 /* CustomShareViewController.swift in Sources */,
				F56832D8253E2D8100730B7A /* PostView.swift in Sources */,
				F5822FB7253A14FE00AAA348 /* ShareNavigationController.swift in Sources */,
			);
			runOnlyForDeploymentPostprocessing = 0;
		};
		F5E7F8E42516527A0036448D /* Sources */ = {
			isa = PBXSourcesBuildPhase;
			buildActionMask = 2147483647;
			files = (
				67970D5525608FBC00BD891D /* TwitterService.swift in Sources */,
				F5961CF42517937D00F93697 /* FeedShareApp.swift in Sources */,
				67420133257D44CF007CB04F /* SettingsClient.swift in Sources */,
				67970D4925608FAF00BD891D /* Network.swift in Sources */,
				67EED64F2578714F00A9DCEC /* Artwork.swift in Sources */,
				67EED64C2578703500A9DCEC /* ProfilePicture.swift in Sources */,
				67D3FF46257AD85700A86151 /* ComposerModel.swift in Sources */,
				67970D5025608FB500BD891D /* SafariView.swift in Sources */,
				67970D4E25608FB500BD891D /* ShareRow.swift in Sources */,
				67970D5425608FBC00BD891D /* ViewerModel.swift in Sources */,
				67970D5625608FBC00BD891D /* FeedStreamModel.swift in Sources */,
				67970D4F25608FB500BD891D /* OnboardingLogin.swift in Sources */,
				670F00EF256AD1B300A05BB6 /* OnboardingFeedlink.swift in Sources */,
				67B94276257451ED00412CDC /* PodcastClientRow.swift in Sources */,
				67970D4B25608FAF00BD891D /* UserManagementInterceptor.swift in Sources */,
				67D3FF42257AD66C00A86151 /* Composer.swift in Sources */,
				67578480257476D500BC8548 /* R.generated.swift in Sources */,
				67D3FF63257B192E00A86151 /* ComposerSearch.swift in Sources */,
				67D3FF4F257AE29800A86151 /* ActivityIndicator.swift in Sources */,
				670F00E62569C14000A05BB6 /* Onboarding.swift in Sources */,
				67970D4D25608FB500BD891D /* FeedStream.swift in Sources */,
				670F00EA2569CE4800A05BB6 /* OnboardingPodcastClient.swift in Sources */,
				670F00F6256C4F3F00A05BB6 /* Overlay.swift in Sources */,
				670F00E82569C27400A05BB6 /* OnboardingNotifications.swift in Sources */,
				67D3FF59257AF37800A86151 /* EpisodeAttachment.swift in Sources */,
				6742012E257D4328007CB04F /* PodcastClients.swift in Sources */,
				67D3FF53257AE58D00A86151 /* ComposerEpisode.swift in Sources */,
				67970D5125608FB500BD891D /* RefreshableScrollView.swift in Sources */,
				67420121257D3500007CB04F /* ComposerMessage.swift in Sources */,
				67B942742574080000412CDC /* Settings.swift in Sources */,
				67420119257D2B87007CB04F /* Navigation.swift in Sources */,
				67D3FF67257B1BD600A86151 /* ComposerPodcast.swift in Sources */,
				67D3FF5F257B17E900A86151 /* SearchBar.swift in Sources */,
				67B9427A25745F2900412CDC /* API.swift in Sources */,
				670F00F4256C3CFB00A05BB6 /* Loading.swift in Sources */,
			);
			runOnlyForDeploymentPostprocessing = 0;
		};
/* End PBXSourcesBuildPhase section */

/* Begin PBXTargetDependency section */
		6734F2A025609BA900BB95E5 /* PBXTargetDependency */ = {
			isa = PBXTargetDependency;
			target = F5887B67251F4C3C00010D30 /* FeedShareExtension */;
			targetProxy = 6734F29F25609BA900BB95E5 /* PBXContainerItemProxy */;
		};
		6734F2A225609BD900BB95E5 /* PBXTargetDependency */ = {
			isa = PBXTargetDependency;
			productRef = 6734F2A125609BD900BB95E5 /* URLImage */;
		};
		6734F2A425609BD900BB95E5 /* PBXTargetDependency */ = {
			isa = PBXTargetDependency;
			productRef = 6734F2A325609BD900BB95E5 /* Apollo */;
		};
		6734F2A625609BD900BB95E5 /* PBXTargetDependency */ = {
			isa = PBXTargetDependency;
			productRef = 6734F2A525609BD900BB95E5 /* ApolloSQLite */;
		};
/* End PBXTargetDependency section */

/* Begin PBXVariantGroup section */
		F5D9B34725166C4B0079F47B /* Localizable.strings */ = {
			isa = PBXVariantGroup;
			children = (
				F5D9B34625166C4B0079F47B /* en */,
				F5D9B34825166D5C0079F47B /* de */,
			);
			name = Localizable.strings;
			sourceTree = "<group>";
		};
/* End PBXVariantGroup section */

/* Begin XCBuildConfiguration section */
		F5887B74251F4C3C00010D30 /* Debug */ = {
			isa = XCBuildConfiguration;
			buildSettings = {
				CLANG_ENABLE_MODULES = YES;
				CODE_SIGN_STYLE = Automatic;
				DEVELOPMENT_TEAM = D795YX3ET6;
				INFOPLIST_FILE = FeedShareExtension/Info.plist;
				LD_RUNPATH_SEARCH_PATHS = (
					"$(inherited)",
					"@executable_path/Frameworks",
					"@executable_path/../../Frameworks",
				);
				PRODUCT_BUNDLE_IDENTIFIER = com.feedshare.FeedShare.FeedShareExtension;
				PRODUCT_NAME = "$(TARGET_NAME)";
				SKIP_INSTALL = YES;
				SWIFT_OBJC_BRIDGING_HEADER = "FeedShareExtension/FeedShareExtension-Bridging-Header.h";
				SWIFT_OPTIMIZATION_LEVEL = "-Onone";
				SWIFT_VERSION = 5.0;
				TARGETED_DEVICE_FAMILY = "1,2";
			};
			name = Debug;
		};
		F5887B75251F4C3C00010D30 /* Release */ = {
			isa = XCBuildConfiguration;
			buildSettings = {
				CLANG_ENABLE_MODULES = YES;
				CODE_SIGN_STYLE = Automatic;
				DEVELOPMENT_TEAM = D795YX3ET6;
				INFOPLIST_FILE = FeedShareExtension/Info.plist;
				LD_RUNPATH_SEARCH_PATHS = (
					"$(inherited)",
					"@executable_path/Frameworks",
					"@executable_path/../../Frameworks",
				);
				PRODUCT_BUNDLE_IDENTIFIER = com.feedshare.FeedShare.FeedShareExtension;
				PRODUCT_NAME = "$(TARGET_NAME)";
				SKIP_INSTALL = YES;
				SWIFT_OBJC_BRIDGING_HEADER = "FeedShareExtension/FeedShareExtension-Bridging-Header.h";
				SWIFT_VERSION = 5.0;
				TARGETED_DEVICE_FAMILY = "1,2";
			};
			name = Release;
		};
		F5E7F8F52516527B0036448D /* Debug */ = {
			isa = XCBuildConfiguration;
			buildSettings = {
				ALWAYS_SEARCH_USER_PATHS = NO;
				CLANG_ANALYZER_LOCALIZABILITY_NONLOCALIZED = YES;
				CLANG_ANALYZER_NONNULL = YES;
				CLANG_ANALYZER_NUMBER_OBJECT_CONVERSION = YES_AGGRESSIVE;
				CLANG_CXX_LANGUAGE_STANDARD = "gnu++14";
				CLANG_CXX_LIBRARY = "libc++";
				CLANG_ENABLE_MODULES = YES;
				CLANG_ENABLE_OBJC_ARC = YES;
				CLANG_ENABLE_OBJC_WEAK = YES;
				CLANG_WARN_BLOCK_CAPTURE_AUTORELEASING = YES;
				CLANG_WARN_BOOL_CONVERSION = YES;
				CLANG_WARN_COMMA = YES;
				CLANG_WARN_CONSTANT_CONVERSION = YES;
				CLANG_WARN_DEPRECATED_OBJC_IMPLEMENTATIONS = YES;
				CLANG_WARN_DIRECT_OBJC_ISA_USAGE = YES_ERROR;
				CLANG_WARN_DOCUMENTATION_COMMENTS = YES;
				CLANG_WARN_EMPTY_BODY = YES;
				CLANG_WARN_ENUM_CONVERSION = YES;
				CLANG_WARN_INFINITE_RECURSION = YES;
				CLANG_WARN_INT_CONVERSION = YES;
				CLANG_WARN_NON_LITERAL_NULL_CONVERSION = YES;
				CLANG_WARN_OBJC_IMPLICIT_RETAIN_SELF = YES;
				CLANG_WARN_OBJC_LITERAL_CONVERSION = YES;
				CLANG_WARN_OBJC_ROOT_CLASS = YES_ERROR;
				CLANG_WARN_QUOTED_INCLUDE_IN_FRAMEWORK_HEADER = YES;
				CLANG_WARN_RANGE_LOOP_ANALYSIS = YES;
				CLANG_WARN_STRICT_PROTOTYPES = YES;
				CLANG_WARN_SUSPICIOUS_MOVE = YES;
				CLANG_WARN_UNGUARDED_AVAILABILITY = YES_AGGRESSIVE;
				CLANG_WARN_UNREACHABLE_CODE = YES;
				CLANG_WARN__DUPLICATE_METHOD_MATCH = YES;
				COPY_PHASE_STRIP = NO;
				DEBUG_INFORMATION_FORMAT = dwarf;
				ENABLE_STRICT_OBJC_MSGSEND = YES;
				ENABLE_TESTABILITY = YES;
				FRAMEWORK_SEARCH_PATHS = "$(SRCROOT)/../Frameworks/Carthage/Build/iOS";
				GCC_C_LANGUAGE_STANDARD = gnu11;
				GCC_DYNAMIC_NO_PIC = NO;
				GCC_NO_COMMON_BLOCKS = YES;
				GCC_OPTIMIZATION_LEVEL = 0;
				GCC_PREPROCESSOR_DEFINITIONS = (
					"DEBUG=1",
					"$(inherited)",
				);
				GCC_WARN_64_TO_32_BIT_CONVERSION = YES;
				GCC_WARN_ABOUT_RETURN_TYPE = YES_ERROR;
				GCC_WARN_UNDECLARED_SELECTOR = YES;
				GCC_WARN_UNINITIALIZED_AUTOS = YES_AGGRESSIVE;
				GCC_WARN_UNUSED_FUNCTION = YES;
				GCC_WARN_UNUSED_VARIABLE = YES;
				IPHONEOS_DEPLOYMENT_TARGET = 14.0;
				MTL_ENABLE_DEBUG_INFO = INCLUDE_SOURCE;
				MTL_FAST_MATH = YES;
				ONLY_ACTIVE_ARCH = YES;
				SDKROOT = iphoneos;
				SWIFT_ACTIVE_COMPILATION_CONDITIONS = DEBUG;
				SWIFT_OPTIMIZATION_LEVEL = "-Onone";
			};
			name = Debug;
		};
		F5E7F8F62516527B0036448D /* Release */ = {
			isa = XCBuildConfiguration;
			buildSettings = {
				ALWAYS_SEARCH_USER_PATHS = NO;
				CLANG_ANALYZER_LOCALIZABILITY_NONLOCALIZED = YES;
				CLANG_ANALYZER_NONNULL = YES;
				CLANG_ANALYZER_NUMBER_OBJECT_CONVERSION = YES_AGGRESSIVE;
				CLANG_CXX_LANGUAGE_STANDARD = "gnu++14";
				CLANG_CXX_LIBRARY = "libc++";
				CLANG_ENABLE_MODULES = YES;
				CLANG_ENABLE_OBJC_ARC = YES;
				CLANG_ENABLE_OBJC_WEAK = YES;
				CLANG_WARN_BLOCK_CAPTURE_AUTORELEASING = YES;
				CLANG_WARN_BOOL_CONVERSION = YES;
				CLANG_WARN_COMMA = YES;
				CLANG_WARN_CONSTANT_CONVERSION = YES;
				CLANG_WARN_DEPRECATED_OBJC_IMPLEMENTATIONS = YES;
				CLANG_WARN_DIRECT_OBJC_ISA_USAGE = YES_ERROR;
				CLANG_WARN_DOCUMENTATION_COMMENTS = YES;
				CLANG_WARN_EMPTY_BODY = YES;
				CLANG_WARN_ENUM_CONVERSION = YES;
				CLANG_WARN_INFINITE_RECURSION = YES;
				CLANG_WARN_INT_CONVERSION = YES;
				CLANG_WARN_NON_LITERAL_NULL_CONVERSION = YES;
				CLANG_WARN_OBJC_IMPLICIT_RETAIN_SELF = YES;
				CLANG_WARN_OBJC_LITERAL_CONVERSION = YES;
				CLANG_WARN_OBJC_ROOT_CLASS = YES_ERROR;
				CLANG_WARN_QUOTED_INCLUDE_IN_FRAMEWORK_HEADER = YES;
				CLANG_WARN_RANGE_LOOP_ANALYSIS = YES;
				CLANG_WARN_STRICT_PROTOTYPES = YES;
				CLANG_WARN_SUSPICIOUS_MOVE = YES;
				CLANG_WARN_UNGUARDED_AVAILABILITY = YES_AGGRESSIVE;
				CLANG_WARN_UNREACHABLE_CODE = YES;
				CLANG_WARN__DUPLICATE_METHOD_MATCH = YES;
				COPY_PHASE_STRIP = NO;
				DEBUG_INFORMATION_FORMAT = "dwarf-with-dsym";
				ENABLE_NS_ASSERTIONS = NO;
				ENABLE_STRICT_OBJC_MSGSEND = YES;
				FRAMEWORK_SEARCH_PATHS = "$(SRCROOT)/../Frameworks/Carthage/Build/iOS";
				GCC_C_LANGUAGE_STANDARD = gnu11;
				GCC_NO_COMMON_BLOCKS = YES;
				GCC_WARN_64_TO_32_BIT_CONVERSION = YES;
				GCC_WARN_ABOUT_RETURN_TYPE = YES_ERROR;
				GCC_WARN_UNDECLARED_SELECTOR = YES;
				GCC_WARN_UNINITIALIZED_AUTOS = YES_AGGRESSIVE;
				GCC_WARN_UNUSED_FUNCTION = YES;
				GCC_WARN_UNUSED_VARIABLE = YES;
				IPHONEOS_DEPLOYMENT_TARGET = 14.0;
				MTL_ENABLE_DEBUG_INFO = NO;
				MTL_FAST_MATH = YES;
				SDKROOT = iphoneos;
				SWIFT_COMPILATION_MODE = wholemodule;
				SWIFT_OPTIMIZATION_LEVEL = "-O";
				VALIDATE_PRODUCT = YES;
			};
			name = Release;
		};
		F5E7F8F82516527B0036448D /* Debug */ = {
			isa = XCBuildConfiguration;
			buildSettings = {
				ALWAYS_EMBED_SWIFT_STANDARD_LIBRARIES = YES;
				ASSETCATALOG_COMPILER_APPICON_NAME = AppIcon;
				ASSETCATALOG_COMPILER_GLOBAL_ACCENT_COLOR_NAME = AccentColor;
				CODE_SIGN_STYLE = Automatic;
				DEVELOPMENT_ASSET_PATHS = "\"FeedShare/Preview Content\"";
				DEVELOPMENT_TEAM = D795YX3ET6;
				ENABLE_PREVIEWS = YES;
				INFOPLIST_FILE = "$(SRCROOT)/FeedShare/Supporting Files/Info.plist";
				IPHONEOS_DEPLOYMENT_TARGET = 14.0;
				LD_RUNPATH_SEARCH_PATHS = (
					"$(inherited)",
					"@executable_path/Frameworks",
				);
				PRODUCT_BUNDLE_IDENTIFIER = com.feedshare.FeedShare;
				PRODUCT_NAME = "$(TARGET_NAME)";
				SUPPORTS_MACCATALYST = NO;
				SWIFT_VERSION = 5.0;
				TARGETED_DEVICE_FAMILY = "1,2";
			};
			name = Debug;
		};
		F5E7F8F92516527B0036448D /* Release */ = {
			isa = XCBuildConfiguration;
			buildSettings = {
				ALWAYS_EMBED_SWIFT_STANDARD_LIBRARIES = YES;
				ASSETCATALOG_COMPILER_APPICON_NAME = AppIcon;
				ASSETCATALOG_COMPILER_GLOBAL_ACCENT_COLOR_NAME = AccentColor;
				CODE_SIGN_STYLE = Automatic;
				DEVELOPMENT_ASSET_PATHS = "\"FeedShare/Preview Content\"";
				DEVELOPMENT_TEAM = D795YX3ET6;
				ENABLE_PREVIEWS = YES;
				INFOPLIST_FILE = "$(SRCROOT)/FeedShare/Supporting Files/Info.plist";
				IPHONEOS_DEPLOYMENT_TARGET = 14.0;
				LD_RUNPATH_SEARCH_PATHS = (
					"$(inherited)",
					"@executable_path/Frameworks",
				);
				PRODUCT_BUNDLE_IDENTIFIER = com.feedshare.FeedShare;
				PRODUCT_NAME = "$(TARGET_NAME)";
				SUPPORTS_MACCATALYST = NO;
				SWIFT_VERSION = 5.0;
				TARGETED_DEVICE_FAMILY = "1,2";
			};
			name = Release;
		};
/* End XCBuildConfiguration section */

/* Begin XCConfigurationList section */
		F5887B76251F4C3C00010D30 /* Build configuration list for PBXNativeTarget "FeedShareExtension" */ = {
			isa = XCConfigurationList;
			buildConfigurations = (
				F5887B74251F4C3C00010D30 /* Debug */,
				F5887B75251F4C3C00010D30 /* Release */,
			);
			defaultConfigurationIsVisible = 0;
			defaultConfigurationName = Release;
		};
		F5E7F8E32516527A0036448D /* Build configuration list for PBXProject "FeedShare" */ = {
			isa = XCConfigurationList;
			buildConfigurations = (
				F5E7F8F52516527B0036448D /* Debug */,
				F5E7F8F62516527B0036448D /* Release */,
			);
			defaultConfigurationIsVisible = 0;
			defaultConfigurationName = Release;
		};
		F5E7F8F72516527B0036448D /* Build configuration list for PBXNativeTarget "FeedShare" */ = {
			isa = XCConfigurationList;
			buildConfigurations = (
				F5E7F8F82516527B0036448D /* Debug */,
				F5E7F8F92516527B0036448D /* Release */,
			);
			defaultConfigurationIsVisible = 0;
			defaultConfigurationName = Release;
		};
/* End XCConfigurationList section */

/* Begin XCRemoteSwiftPackageReference section */
		67B9427B25745F9E00412CDC /* XCRemoteSwiftPackageReference "R.swift" */ = {
			isa = XCRemoteSwiftPackageReference;
			repositoryURL = "https://github.com/mac-cain13/R.swift.Library";
			requirement = {
				kind = upToNextMajorVersion;
				minimumVersion = 5.3.0;
			};
		};
		67CCCB852520FE7A00BA99F4 /* XCRemoteSwiftPackageReference "url-image" */ = {
			isa = XCRemoteSwiftPackageReference;
			repositoryURL = "https://github.com/dmytro-anokhin/url-image.git";
			requirement = {
				kind = upToNextMajorVersion;
				minimumVersion = 2.0.0;
			};
		};
		67D3FF71257C54E600A86151 /* XCRemoteSwiftPackageReference "swiftui-navigation-stack" */ = {
			isa = XCRemoteSwiftPackageReference;
			repositoryURL = "https://github.com/matteopuc/swiftui-navigation-stack.git";
			requirement = {
				kind = upToNextMajorVersion;
				minimumVersion = 0.1.0;
			};
		};
		F598287E25278C4300A8C2CB /* XCRemoteSwiftPackageReference "apollo-ios" */ = {
			isa = XCRemoteSwiftPackageReference;
			repositoryURL = "https://github.com/apollographql/apollo-ios.git";
			requirement = {
				kind = upToNextMinorVersion;
				minimumVersion = 0.36.0;
			};
		};
/* End XCRemoteSwiftPackageReference section */

/* Begin XCSwiftPackageProductDependency section */
		6734F2A125609BD900BB95E5 /* URLImage */ = {
			isa = XCSwiftPackageProductDependency;
			package = 67CCCB852520FE7A00BA99F4 /* XCRemoteSwiftPackageReference "url-image" */;
			productName = URLImage;
		};
		6734F2A325609BD900BB95E5 /* Apollo */ = {
			isa = XCSwiftPackageProductDependency;
			package = F598287E25278C4300A8C2CB /* XCRemoteSwiftPackageReference "apollo-ios" */;
			productName = Apollo;
		};
		6734F2A525609BD900BB95E5 /* ApolloSQLite */ = {
			isa = XCSwiftPackageProductDependency;
			package = F598287E25278C4300A8C2CB /* XCRemoteSwiftPackageReference "apollo-ios" */;
			productName = ApolloSQLite;
		};
		6734F2A725609DC400BB95E5 /* URLImage */ = {
			isa = XCSwiftPackageProductDependency;
			package = 67CCCB852520FE7A00BA99F4 /* XCRemoteSwiftPackageReference "url-image" */;
			productName = URLImage;
		};
		6734F2A925609DC400BB95E5 /* Apollo */ = {
			isa = XCSwiftPackageProductDependency;
			package = F598287E25278C4300A8C2CB /* XCRemoteSwiftPackageReference "apollo-ios" */;
			productName = Apollo;
		};
		6734F2AB25609DC400BB95E5 /* ApolloSQLite */ = {
			isa = XCSwiftPackageProductDependency;
			package = F598287E25278C4300A8C2CB /* XCRemoteSwiftPackageReference "apollo-ios" */;
			productName = ApolloSQLite;
		};
		67B94280257467E500412CDC /* Rswift */ = {
			isa = XCSwiftPackageProductDependency;
			package = 67B9427B25745F9E00412CDC /* XCRemoteSwiftPackageReference "R.swift" */;
			productName = Rswift;
		};
		67D3FF72257C54E600A86151 /* NavigationStack */ = {
			isa = XCSwiftPackageProductDependency;
			package = 67D3FF71257C54E600A86151 /* XCRemoteSwiftPackageReference "swiftui-navigation-stack" */;
			productName = NavigationStack;
		};
/* End XCSwiftPackageProductDependency section */
	};
	rootObject = F5E7F8E02516527A0036448D /* Project object */;
}
