# Prisma Migrate lockfile v1

20200918213852-init
20200924001419-share
20200926002131-amp
20200926002458-unique
20200926010221-updated-at
20200926010530-string-ampid
20200926012914-unique-share
20200927155152-artwork
20200927222107-user
20201025155312
20201025155326-twitter-id
20201025155506-twitter-unique
20201025172943-twitter-api