// !$*UTF8*$!
{
	archiveVersion = 1;
	classes = {
	};
	objectVersion = 52;
	objects = {

/* Begin PBXBuildFile section */
		F52755D525167BD700836462 /* Apollo in Frameworks */ = {isa = PBXBuildFile; productRef = F52755D425167BD700836462 /* Apollo */; };
		F5D9B32F25166A990079F47B /* R.generated.swift in Sources */ = {isa = PBXBuildFile; fileRef = F5D9B32E25166A990079F47B /* R.generated.swift */; };
		F5D9B34525166C4B0079F47B /* Localizable.strings in Resources */ = {isa = PBXBuildFile; fileRef = F5D9B34725166C4B0079F47B /* Localizable.strings */; };
		F5D9B34B251675700079F47B /* Rswift.framework in Frameworks */ = {isa = PBXBuildFile; fileRef = F5D9B34A251675700079F47B /* Rswift.framework */; };
		F5D9B34C251675710079F47B /* Rswift.framework in Embed Frameworks */ = {isa = PBXBuildFile; fileRef = F5D9B34A251675700079F47B /* Rswift.framework */; settings = {ATTRIBUTES = (CodeSignOnCopy, RemoveHeadersOnCopy, ); }; };
		F5E7F8EC2516527A0036448D /* FeedShareApp.swift in Sources */ = {isa = PBXBuildFile; fileRef = F5E7F8EB2516527A0036448D /* FeedShareApp.swift */; };
		F5E7F8EE2516527A0036448D /* ContentView.swift in Sources */ = {isa = PBXBuildFile; fileRef = F5E7F8ED2516527A0036448D /* ContentView.swift */; };
		F5E7F8F02516527B0036448D /* Assets.xcassets in Resources */ = {isa = PBXBuildFile; fileRef = F5E7F8EF2516527B0036448D /* Assets.xcassets */; };
		F5E7F8F32516527B0036448D /* Preview Assets.xcassets in Resources */ = {isa = PBXBuildFile; fileRef = F5E7F8F22516527B0036448D /* Preview Assets.xcassets */; };
/* End PBXBuildFile section */

/* Begin PBXCopyFilesBuildPhase section */
		F5D9B32D25166A540079F47B /* Embed Frameworks */ = {
			isa = PBXCopyFilesBuildPhase;
			buildActionMask = 2147483647;
			dstPath = "";
			dstSubfolderSpec = 10;
			files = (
				F5D9B34C251675710079F47B /* Rswift.framework in Embed Frameworks */,
			);
			name = "Embed Frameworks";
			runOnlyForDeploymentPostprocessing = 0;
		};
/* End PBXCopyFilesBuildPhase section */

/* Begin PBXFileReference section */
		F5D9B32E25166A990079F47B /* R.generated.swift */ = {isa = PBXFileReference; fileEncoding = 4; lastKnownFileType = sourcecode.swift; path = R.generated.swift; sourceTree = "<group>"; };
		F5D9B34625166C4B0079F47B /* en */ = {isa = PBXFileReference; lastKnownFileType = text.plist.strings; name = en; path = en.lproj/Localizable.strings; sourceTree = "<group>"; };
		F5D9B34825166D5C0079F47B /* de */ = {isa = PBXFileReference; lastKnownFileType = text.plist.strings; name = de; path = de.lproj/Localizable.strings; sourceTree = "<group>"; };
		F5D9B34A251675700079F47B /* Rswift.framework */ = {isa = PBXFileReference; lastKnownFileType = wrapper.framework; name = Rswift.framework; path = ../Frameworks/Carthage/Build/iOS/Rswift.framework; sourceTree = "<group>"; };
		F5E7F8E82516527A0036448D /* FeedShare.app */ = {isa = PBXFileReference; explicitFileType = wrapper.application; includeInIndex = 0; path = FeedShare.app; sourceTree = BUILT_PRODUCTS_DIR; };
		F5E7F8EB2516527A0036448D /* FeedShareApp.swift */ = {isa = PBXFileReference; lastKnownFileType = sourcecode.swift; path = FeedShareApp.swift; sourceTree = "<group>"; };
		F5E7F8ED2516527A0036448D /* ContentView.swift */ = {isa = PBXFileReference; lastKnownFileType = sourcecode.swift; path = ContentView.swift; sourceTree = "<group>"; };
		F5E7F8EF2516527B0036448D /* Assets.xcassets */ = {isa = PBXFileReference; lastKnownFileType = folder.assetcatalog; path = Assets.xcassets; sourceTree = "<group>"; };
		F5E7F8F22516527B0036448D /* Preview Assets.xcassets */ = {isa = PBXFileReference; lastKnownFileType = folder.assetcatalog; path = "Preview Assets.xcassets"; sourceTree = "<group>"; };
		F5E7F8F42516527B0036448D /* Info.plist */ = {isa = PBXFileReference; lastKnownFileType = text.plist.xml; path = Info.plist; sourceTree = "<group>"; };
/* End PBXFileReference section */

/* Begin PBXFrameworksBuildPhase section */
		F5E7F8E52516527A0036448D /* Frameworks */ = {
			isa = PBXFrameworksBuildPhase;
			buildActionMask = 2147483647;
			files = (
				F5D9B34B251675700079F47B /* Rswift.framework in Frameworks */,
				F52755D525167BD700836462 /* Apollo in Frameworks */,
			);
			runOnlyForDeploymentPostprocessing = 0;
		};
/* End PBXFrameworksBuildPhase section */

/* Begin PBXGroup section */
		F5D9B349251675700079F47B /* Frameworks */ = {
			isa = PBXGroup;
			children = (
				F5D9B34A251675700079F47B /* Rswift.framework */,
			);
			name = Frameworks;
			sourceTree = "<group>";
		};
		F5E7F8DF2516527A0036448D = {
			isa = PBXGroup;
			children = (
				F5E7F8EA2516527A0036448D /* FeedShare */,
				F5E7F8E92516527A0036448D /* Products */,
				F5D9B349251675700079F47B /* Frameworks */,
			);
			sourceTree = "<group>";
		};
		F5E7F8E92516527A0036448D /* Products */ = {
			isa = PBXGroup;
			children = (
				F5E7F8E82516527A0036448D /* FeedShare.app */,
			);
			name = Products;
			sourceTree = "<group>";
		};
		F5E7F8EA2516527A0036448D /* FeedShare */ = {
			isa = PBXGroup;
			children = (
				F5E7F8EB2516527A0036448D /* FeedShareApp.swift */,
				F5E7F8ED2516527A0036448D /* ContentView.swift */,
				F5E7F8EF2516527B0036448D /* Assets.xcassets */,
				F5E7F90B251653830036448D /* Supporting Files */,
				F5E7F8F12516527B0036448D /* Preview Content */,
			);
			path = FeedShare;
			sourceTree = "<group>";
		};
		F5E7F8F12516527B0036448D /* Preview Content */ = {
			isa = PBXGroup;
			children = (
				F5E7F8F22516527B0036448D /* Preview Assets.xcassets */,
			);
			path = "Preview Content";
			sourceTree = "<group>";
		};
		F5E7F90B251653830036448D /* Supporting Files */ = {
			isa = PBXGroup;
			children = (
				F5D9B32E25166A990079F47B /* R.generated.swift */,
				F5E7F8F42516527B0036448D /* Info.plist */,
				F5D9B34725166C4B0079F47B /* Localizable.strings */,
			);
			path = "Supporting Files";
			sourceTree = "<group>";
		};
/* End PBXGroup section */

/* Begin PBXNativeTarget section */
		F5E7F8E72516527A0036448D /* FeedShare */ = {
			isa = PBXNativeTarget;
			buildConfigurationList = F5E7F8F72516527B0036448D /* Build configuration list for PBXNativeTarget "FeedShare" */;
			buildPhases = (
				F5E7F90A251653520036448D /* RSwift */,
				F5E7F8E52516527A0036448D /* Frameworks */,
				F5D9B2E325165D150079F47B /* Carthage Copy Phase */,
				F5E7F90C251654460036448D /* Swiftlint */,
				F5E7F8E42516527A0036448D /* Sources */,
				F5E7F8E62516527A0036448D /* Resources */,
				F5D9B32D25166A540079F47B /* Embed Frameworks */,
			);
			buildRules = (
			);
			dependencies = (
			);
			name = FeedShare;
			packageProductDependencies = (
				F52755D425167BD700836462 /* Apollo */,
			);
			productName = FeedShare;
			productReference = F5E7F8E82516527A0036448D /* FeedShare.app */;
			productType = "com.apple.product-type.application";
		};
/* End PBXNativeTarget section */

/* Begin PBXProject section */
		F5E7F8E02516527A0036448D /* Project object */ = {
			isa = PBXProject;
			attributes = {
				LastSwiftUpdateCheck = 1200;
				LastUpgradeCheck = 1200;
				TargetAttributes = {
					F5E7F8E72516527A0036448D = {
						CreatedOnToolsVersion = 12.0;
					};
				};
			};
			buildConfigurationList = F5E7F8E32516527A0036448D /* Build configuration list for PBXProject "FeedShare" */;
			compatibilityVersion = "Xcode 9.3";
			developmentRegion = en;
			hasScannedForEncodings = 0;
			knownRegions = (
				en,
				Base,
				de,
			);
			mainGroup = F5E7F8DF2516527A0036448D;
			packageReferences = (
				F52755D325167BD700836462 /* XCRemoteSwiftPackageReference "apollo-ios" */,
			);
			productRefGroup = F5E7F8E92516527A0036448D /* Products */;
			projectDirPath = "";
			projectRoot = "";
			targets = (
				F5E7F8E72516527A0036448D /* FeedShare */,
			);
		};
/* End PBXProject section */

/* Begin PBXResourcesBuildPhase section */
		F5E7F8E62516527A0036448D /* Resources */ = {
			isa = PBXResourcesBuildPhase;
			buildActionMask = 2147483647;
			files = (
				F5E7F8F32516527B0036448D /* Preview Assets.xcassets in Resources */,
				F5D9B34525166C4B0079F47B /* Localizable.strings in Resources */,
				F5E7F8F02516527B0036448D /* Assets.xcassets in Resources */,
			);
			runOnlyForDeploymentPostprocessing = 0;
		};
/* End PBXResourcesBuildPhase section */

/* Begin PBXShellScriptBuildPhase section */
		F5D9B2E325165D150079F47B /* Carthage Copy Phase */ = {
			isa = PBXShellScriptBuildPhase;
			buildActionMask = 8;
			files = (
			);
			inputFileListPaths = (
			);
			inputPaths = (
				"$(SRCROOT)/../Frameworks/Carthage/Build/iOS/Rswift.framework",
			);
			name = "Carthage Copy Phase";
			outputFileListPaths = (
			);
			outputPaths = (
				"$(BUILT_PRODUCTS_DIR)/$(FRAMEWORKS_FOLDER_PATH)/Rswift.framework",
			);
			runOnlyForDeploymentPostprocessing = 1;
			shellPath = /bin/sh;
			shellScript = "/usr/local/bin/carthage copy-frameworks\n\n";
		};
		F5E7F90A251653520036448D /* RSwift */ = {
			isa = PBXShellScriptBuildPhase;
			buildActionMask = 2147483647;
			files = (
			);
			inputFileListPaths = (
			);
			inputPaths = (
				"$TEMP_DIR/rswift-lastrun",
			);
			name = RSwift;
			outputFileListPaths = (
			);
			outputPaths = (
				"$SRCROOT/FeedShare/Supporting Files/R.generated.swift",
			);
			runOnlyForDeploymentPostprocessing = 0;
			shellPath = /bin/sh;
			shellScript = "$SRCROOT/../Scripts/Build-Phase/rswift.sh\n";
		};
		F5E7F90C251654460036448D /* Swiftlint */ = {
			isa = PBXShellScriptBuildPhase;
			buildActionMask = 2147483647;
			files = (
			);
			inputFileListPaths = (
			);
			inputPaths = (
			);
			name = Swiftlint;
			outputFileListPaths = (
			);
			outputPaths = (
			);
			runOnlyForDeploymentPostprocessing = 0;
			shellPath = /bin/sh;
			shellScript = "if which swiftlint >/dev/null; then\n  swiftlint\nelse\n  echo \"warning: SwiftLint not installed, download from https://github.com/realm/SwiftLint\"\nfi\n";
		};
/* End PBXShellScriptBuildPhase section */

/* Begin PBXSourcesBuildPhase section */
		F5E7F8E42516527A0036448D /* Sources */ = {
			isa = PBXSourcesBuildPhase;
			buildActionMask = 2147483647;
			files = (
				F5E7F8EE2516527A0036448D /* ContentView.swift in Sources */,
				F5E7F8EC2516527A0036448D /* FeedShareApp.swift in Sources */,
				F5D9B32F25166A990079F47B /* R.generated.swift in Sources */,
			);
			runOnlyForDeploymentPostprocessing = 0;
		};
/* End PBXSourcesBuildPhase section */

/* Begin PBXVariantGroup section */
		F5D9B34725166C4B0079F47B /* Localizable.strings */ = {
			isa = PBXVariantGroup;
			children = (
				F5D9B34625166C4B0079F47B /* en */,
				F5D9B34825166D5C0079F47B /* de */,
			);
			name = Localizable.strings;
			sourceTree = "<group>";
		};
/* End PBXVariantGroup section */

/* Begin XCBuildConfiguration section */
		F5E7F8F52516527B0036448D /* Debug */ = {
			isa = XCBuildConfiguration;
			buildSettings = {
				ALWAYS_SEARCH_USER_PATHS = NO;
				CLANG_ANALYZER_LOCALIZABILITY_NONLOCALIZED = YES;
				CLANG_ANALYZER_NONNULL = YES;
				CLANG_ANALYZER_NUMBER_OBJECT_CONVERSION = YES_AGGRESSIVE;
				CLANG_CXX_LANGUAGE_STANDARD = "gnu++14";
				CLANG_CXX_LIBRARY = "libc++";
				CLANG_ENABLE_MODULES = YES;
				CLANG_ENABLE_OBJC_ARC = YES;
				CLANG_ENABLE_OBJC_WEAK = YES;
				CLANG_WARN_BLOCK_CAPTURE_AUTORELEASING = YES;
				CLANG_WARN_BOOL_CONVERSION = YES;
				CLANG_WARN_COMMA = YES;
				CLANG_WARN_CONSTANT_CONVERSION = YES;
				CLANG_WARN_DEPRECATED_OBJC_IMPLEMENTATIONS = YES;
				CLANG_WARN_DIRECT_OBJC_ISA_USAGE = YES_ERROR;
				CLANG_WARN_DOCUMENTATION_COMMENTS = YES;
				CLANG_WARN_EMPTY_BODY = YES;
				CLANG_WARN_ENUM_CONVERSION = YES;
				CLANG_WARN_INFINITE_RECURSION = YES;
				CLANG_WARN_INT_CONVERSION = YES;
				CLANG_WARN_NON_LITERAL_NULL_CONVERSION = YES;
				CLANG_WARN_OBJC_IMPLICIT_RETAIN_SELF = YES;
				CLANG_WARN_OBJC_LITERAL_CONVERSION = YES;
				CLANG_WARN_OBJC_ROOT_CLASS = YES_ERROR;
				CLANG_WARN_QUOTED_INCLUDE_IN_FRAMEWORK_HEADER = YES;
				CLANG_WARN_RANGE_LOOP_ANALYSIS = YES;
				CLANG_WARN_STRICT_PROTOTYPES = YES;
				CLANG_WARN_SUSPICIOUS_MOVE = YES;
				CLANG_WARN_UNGUARDED_AVAILABILITY = YES_AGGRESSIVE;
				CLANG_WARN_UNREACHABLE_CODE = YES;
				CLANG_WARN__DUPLICATE_METHOD_MATCH = YES;
				COPY_PHASE_STRIP = NO;
				DEBUG_INFORMATION_FORMAT = dwarf;
				ENABLE_STRICT_OBJC_MSGSEND = YES;
				ENABLE_TESTABILITY = YES;
				FRAMEWORK_SEARCH_PATHS = "$(SRCROOT)/../Frameworks/Carthage/Build/iOS";
				GCC_C_LANGUAGE_STANDARD = gnu11;
				GCC_DYNAMIC_NO_PIC = NO;
				GCC_NO_COMMON_BLOCKS = YES;
				GCC_OPTIMIZATION_LEVEL = 0;
				GCC_PREPROCESSOR_DEFINITIONS = (
					"DEBUG=1",
					"$(inherited)",
				);
				GCC_WARN_64_TO_32_BIT_CONVERSION = YES;
				GCC_WARN_ABOUT_RETURN_TYPE = YES_ERROR;
				GCC_WARN_UNDECLARED_SELECTOR = YES;
				GCC_WARN_UNINITIALIZED_AUTOS = YES_AGGRESSIVE;
				GCC_WARN_UNUSED_FUNCTION = YES;
				GCC_WARN_UNUSED_VARIABLE = YES;
				IPHONEOS_DEPLOYMENT_TARGET = 14.0;
				MTL_ENABLE_DEBUG_INFO = INCLUDE_SOURCE;
				MTL_FAST_MATH = YES;
				ONLY_ACTIVE_ARCH = YES;
				SDKROOT = iphoneos;
				SWIFT_ACTIVE_COMPILATION_CONDITIONS = DEBUG;
				SWIFT_OPTIMIZATION_LEVEL = "-Onone";
			};
			name = Debug;
		};
		F5E7F8F62516527B0036448D /* Release */ = {
			isa = XCBuildConfiguration;
			buildSettings = {
				ALWAYS_SEARCH_USER_PATHS = NO;
				CLANG_ANALYZER_LOCALIZABILITY_NONLOCALIZED = YES;
				CLANG_ANALYZER_NONNULL = YES;
				CLANG_ANALYZER_NUMBER_OBJECT_CONVERSION = YES_AGGRESSIVE;
				CLANG_CXX_LANGUAGE_STANDARD = "gnu++14";
				CLANG_CXX_LIBRARY = "libc++";
				CLANG_ENABLE_MODULES = YES;
				CLANG_ENABLE_OBJC_ARC = YES;
				CLANG_ENABLE_OBJC_WEAK = YES;
				CLANG_WARN_BLOCK_CAPTURE_AUTORELEASING = YES;
				CLANG_WARN_BOOL_CONVERSION = YES;
				CLANG_WARN_COMMA = YES;
				CLANG_WARN_CONSTANT_CONVERSION = YES;
				CLANG_WARN_DEPRECATED_OBJC_IMPLEMENTATIONS = YES;
				CLANG_WARN_DIRECT_OBJC_ISA_USAGE = YES_ERROR;
				CLANG_WARN_DOCUMENTATION_COMMENTS = YES;
				CLANG_WARN_EMPTY_BODY = YES;
				CLANG_WARN_ENUM_CONVERSION = YES;
				CLANG_WARN_INFINITE_RECURSION = YES;
				CLANG_WARN_INT_CONVERSION = YES;
				CLANG_WARN_NON_LITERAL_NULL_CONVERSION = YES;
				CLANG_WARN_OBJC_IMPLICIT_RETAIN_SELF = YES;
				CLANG_WARN_OBJC_LITERAL_CONVERSION = YES;
				CLANG_WARN_OBJC_ROOT_CLASS = YES_ERROR;
				CLANG_WARN_QUOTED_INCLUDE_IN_FRAMEWORK_HEADER = YES;
				CLANG_WARN_RANGE_LOOP_ANALYSIS = YES;
				CLANG_WARN_STRICT_PROTOTYPES = YES;
				CLANG_WARN_SUSPICIOUS_MOVE = YES;
				CLANG_WARN_UNGUARDED_AVAILABILITY = YES_AGGRESSIVE;
				CLANG_WARN_UNREACHABLE_CODE = YES;
				CLANG_WARN__DUPLICATE_METHOD_MATCH = YES;
				COPY_PHASE_STRIP = NO;
				DEBUG_INFORMATION_FORMAT = "dwarf-with-dsym";
				ENABLE_NS_ASSERTIONS = NO;
				ENABLE_STRICT_OBJC_MSGSEND = YES;
				FRAMEWORK_SEARCH_PATHS = "$(SRCROOT)/../Frameworks/Carthage/Build/iOS";
				GCC_C_LANGUAGE_STANDARD = gnu11;
				GCC_NO_COMMON_BLOCKS = YES;
				GCC_WARN_64_TO_32_BIT_CONVERSION = YES;
				GCC_WARN_ABOUT_RETURN_TYPE = YES_ERROR;
				GCC_WARN_UNDECLARED_SELECTOR = YES;
				GCC_WARN_UNINITIALIZED_AUTOS = YES_AGGRESSIVE;
				GCC_WARN_UNUSED_FUNCTION = YES;
				GCC_WARN_UNUSED_VARIABLE = YES;
				IPHONEOS_DEPLOYMENT_TARGET = 14.0;
				MTL_ENABLE_DEBUG_INFO = NO;
				MTL_FAST_MATH = YES;
				SDKROOT = iphoneos;
				SWIFT_COMPILATION_MODE = wholemodule;
				SWIFT_OPTIMIZATION_LEVEL = "-O";
				VALIDATE_PRODUCT = YES;
			};
			name = Release;
		};
		F5E7F8F82516527B0036448D /* Debug */ = {
			isa = XCBuildConfiguration;
			buildSettings = {
				ASSETCATALOG_COMPILER_APPICON_NAME = AppIcon;
				ASSETCATALOG_COMPILER_GLOBAL_ACCENT_COLOR_NAME = AccentColor;
				CODE_SIGN_STYLE = Automatic;
				DEVELOPMENT_ASSET_PATHS = "\"FeedShare/Preview Content\"";
				DEVELOPMENT_TEAM = D795YX3ET6;
				ENABLE_PREVIEWS = YES;
				INFOPLIST_FILE = "$(SRCROOT)/FeedShare/Supporting Files/Info.plist";
				IPHONEOS_DEPLOYMENT_TARGET = 14.0;
				LD_RUNPATH_SEARCH_PATHS = (
					"$(inherited)",
					"@executable_path/Frameworks",
				);
				PRODUCT_BUNDLE_IDENTIFIER = com.feedshare.FeedShare;
				PRODUCT_NAME = "$(TARGET_NAME)";
				SUPPORTS_MACCATALYST = NO;
				SWIFT_VERSION = 5.0;
				TARGETED_DEVICE_FAMILY = "1,2";
			};
			name = Debug;
		};
		F5E7F8F92516527B0036448D /* Release */ = {
			isa = XCBuildConfiguration;
			buildSettings = {
				ASSETCATALOG_COMPILER_APPICON_NAME = AppIcon;
				ASSETCATALOG_COMPILER_GLOBAL_ACCENT_COLOR_NAME = AccentColor;
				CODE_SIGN_STYLE = Automatic;
				DEVELOPMENT_ASSET_PATHS = "\"FeedShare/Preview Content\"";
				DEVELOPMENT_TEAM = D795YX3ET6;
				ENABLE_PREVIEWS = YES;
				INFOPLIST_FILE = "$(SRCROOT)/FeedShare/Supporting Files/Info.plist";
				IPHONEOS_DEPLOYMENT_TARGET = 14.0;
				LD_RUNPATH_SEARCH_PATHS = (
					"$(inherited)",
					"@executable_path/Frameworks",
				);
				PRODUCT_BUNDLE_IDENTIFIER = com.feedshare.FeedShare;
				PRODUCT_NAME = "$(TARGET_NAME)";
				SUPPORTS_MACCATALYST = NO;
				SWIFT_VERSION = 5.0;
				TARGETED_DEVICE_FAMILY = "1,2";
			};
			name = Release;
		};
/* End XCBuildConfiguration section */

/* Begin XCConfigurationList section */
		F5E7F8E32516527A0036448D /* Build configuration list for PBXProject "FeedShare" */ = {
			isa = XCConfigurationList;
			buildConfigurations = (
				F5E7F8F52516527B0036448D /* Debug */,
				F5E7F8F62516527B0036448D /* Release */,
			);
			defaultConfigurationIsVisible = 0;
			defaultConfigurationName = Release;
		};
		F5E7F8F72516527B0036448D /* Build configuration list for PBXNativeTarget "FeedShare" */ = {
			isa = XCConfigurationList;
			buildConfigurations = (
				F5E7F8F82516527B0036448D /* Debug */,
				F5E7F8F92516527B0036448D /* Release */,
			);
			defaultConfigurationIsVisible = 0;
			defaultConfigurationName = Release;
		};
/* End XCConfigurationList section */

/* Begin XCRemoteSwiftPackageReference section */
		F52755D325167BD700836462 /* XCRemoteSwiftPackageReference "apollo-ios" */ = {
			isa = XCRemoteSwiftPackageReference;
			repositoryURL = "https://github.com/apollographql/apollo-ios.git";
			requirement = {
				kind = upToNextMinorVersion;
				minimumVersion = 0.33.0;
			};
		};
/* End XCRemoteSwiftPackageReference section */

/* Begin XCSwiftPackageProductDependency section */
		F52755D425167BD700836462 /* Apollo */ = {
			isa = XCSwiftPackageProductDependency;
			package = F52755D325167BD700836462 /* XCRemoteSwiftPackageReference "apollo-ios" */;
			productName = Apollo;
		};
/* End XCSwiftPackageProductDependency section */
	};
	rootObject = F5E7F8E02516527A0036448D /* Project object */;
}
