// !$*UTF8*$!
{
	archiveVersion = 1;
	classes = {
	};
	objectVersion = 50;
	objects = {

/* Begin PBXBuildFile section */
		676217892516997000C5FE27 /* ContentView.graphql in Resources */ = {isa = PBXBuildFile; fileRef = 676217882516997000C5FE27 /* ContentView.graphql */; };
		6762178C2516A10A00C5FE27 /* API.swift in Sources */ = {isa = PBXBuildFile; fileRef = 6762178B2516A10A00C5FE27 /* API.swift */; };
		6762178E2516A1C700C5FE27 /* Network.swift in Sources */ = {isa = PBXBuildFile; fileRef = 6762178D2516A1C700C5FE27 /* Network.swift */; };
		F57B51B8251696AA00DB7862 /* Models.swift in Sources */ = {isa = PBXBuildFile; fileRef = F57B51B7251696AA00DB7862 /* Models.swift */; };
		F57B51C12516994400DB7862 /* ShareRow.swift in Sources */ = {isa = PBXBuildFile; fileRef = F57B51C02516994400DB7862 /* ShareRow.swift */; };
		F5887B6B251F4C3C00010D30 /* ShareViewController.swift in Sources */ = {isa = PBXBuildFile; fileRef = F5887B6A251F4C3C00010D30 /* ShareViewController.swift */; };
		F5887B6E251F4C3C00010D30 /* MainInterface.storyboard in Resources */ = {isa = PBXBuildFile; fileRef = F5887B6C251F4C3C00010D30 /* MainInterface.storyboard */; };
		F5887B72251F4C3C00010D30 /* FeedShareExtension.appex in Embed App Extensions */ = {isa = PBXBuildFile; fileRef = F5887B68251F4C3C00010D30 /* FeedShareExtension.appex */; settings = {ATTRIBUTES = (RemoveHeadersOnCopy, ); }; };
		F5961CF2251790C900F93697 /* FeedStream.swift in Sources */ = {isa = PBXBuildFile; fileRef = F5961CF1251790C900F93697 /* FeedStream.swift */; };
		F5961CF42517937D00F93697 /* FeedShareApp.swift in Sources */ = {isa = PBXBuildFile; fileRef = F5961CF32517937D00F93697 /* FeedShareApp.swift */; };
		F5961CF6251793DC00F93697 /* Apollo.framework in Frameworks */ = {isa = PBXBuildFile; fileRef = F5961CF5251793DC00F93697 /* Apollo.framework */; };
		F5961CF7251793DC00F93697 /* Apollo.framework in Embed Frameworks */ = {isa = PBXBuildFile; fileRef = F5961CF5251793DC00F93697 /* Apollo.framework */; settings = {ATTRIBUTES = (CodeSignOnCopy, RemoveHeadersOnCopy, ); }; };
		F5961CF92517946F00F93697 /* ApolloCore.framework in Frameworks */ = {isa = PBXBuildFile; fileRef = F5961CF82517946F00F93697 /* ApolloCore.framework */; };
		F5961CFA2517946F00F93697 /* ApolloCore.framework in Embed Frameworks */ = {isa = PBXBuildFile; fileRef = F5961CF82517946F00F93697 /* ApolloCore.framework */; settings = {ATTRIBUTES = (CodeSignOnCopy, RemoveHeadersOnCopy, ); }; };
		F5D9B32F25166A990079F47B /* R.generated.swift in Sources */ = {isa = PBXBuildFile; fileRef = F5D9B32E25166A990079F47B /* R.generated.swift */; };
		F5D9B34525166C4B0079F47B /* Localizable.strings in Resources */ = {isa = PBXBuildFile; fileRef = F5D9B34725166C4B0079F47B /* Localizable.strings */; };
		F5D9B34B251675700079F47B /* Rswift.framework in Frameworks */ = {isa = PBXBuildFile; fileRef = F5D9B34A251675700079F47B /* Rswift.framework */; };
		F5D9B34C251675710079F47B /* Rswift.framework in Embed Frameworks */ = {isa = PBXBuildFile; fileRef = F5D9B34A251675700079F47B /* Rswift.framework */; settings = {ATTRIBUTES = (CodeSignOnCopy, RemoveHeadersOnCopy, ); }; };
		F5E7F8F02516527B0036448D /* Assets.xcassets in Resources */ = {isa = PBXBuildFile; fileRef = F5E7F8EF2516527B0036448D /* Assets.xcassets */; };
		F5E7F8F32516527B0036448D /* Preview Assets.xcassets in Resources */ = {isa = PBXBuildFile; fileRef = F5E7F8F22516527B0036448D /* Preview Assets.xcassets */; };
/* End PBXBuildFile section */

/* Begin PBXContainerItemProxy section */
		F5887B70251F4C3C00010D30 /* PBXContainerItemProxy */ = {
			isa = PBXContainerItemProxy;
			containerPortal = F5E7F8E02516527A0036448D /* Project object */;
			proxyType = 1;
			remoteGlobalIDString = F5887B67251F4C3C00010D30;
			remoteInfo = FeedShareExtension;
		};
/* End PBXContainerItemProxy section */

/* Begin PBXCopyFilesBuildPhase section */
		F5887B73251F4C3C00010D30 /* Embed App Extensions */ = {
			isa = PBXCopyFilesBuildPhase;
			buildActionMask = 2147483647;
			dstPath = "";
			dstSubfolderSpec = 13;
			files = (
				F5887B72251F4C3C00010D30 /* FeedShareExtension.appex in Embed App Extensions */,
			);
			name = "Embed App Extensions";
			runOnlyForDeploymentPostprocessing = 0;
		};
		F5D9B32D25166A540079F47B /* Embed Frameworks */ = {
			isa = PBXCopyFilesBuildPhase;
			buildActionMask = 2147483647;
			dstPath = "";
			dstSubfolderSpec = 10;
			files = (
				F5D9B34C251675710079F47B /* Rswift.framework in Embed Frameworks */,
				F5961CF7251793DC00F93697 /* Apollo.framework in Embed Frameworks */,
				F5961CFA2517946F00F93697 /* ApolloCore.framework in Embed Frameworks */,
			);
			name = "Embed Frameworks";
			runOnlyForDeploymentPostprocessing = 0;
		};
/* End PBXCopyFilesBuildPhase section */

/* Begin PBXFileReference section */
		676217882516997000C5FE27 /* ContentView.graphql */ = {isa = PBXFileReference; fileEncoding = 4; lastKnownFileType = text; path = ContentView.graphql; sourceTree = "<group>"; };
		6762178B2516A10A00C5FE27 /* API.swift */ = {isa = PBXFileReference; fileEncoding = 4; lastKnownFileType = sourcecode.swift; path = API.swift; sourceTree = "<group>"; };
		6762178D2516A1C700C5FE27 /* Network.swift */ = {isa = PBXFileReference; lastKnownFileType = sourcecode.swift; path = Network.swift; sourceTree = "<group>"; };
		F57B51B7251696AA00DB7862 /* Models.swift */ = {isa = PBXFileReference; lastKnownFileType = sourcecode.swift; path = Models.swift; sourceTree = "<group>"; };
		F57B51C02516994400DB7862 /* ShareRow.swift */ = {isa = PBXFileReference; lastKnownFileType = sourcecode.swift; path = ShareRow.swift; sourceTree = "<group>"; };
		F5887B68251F4C3C00010D30 /* FeedShareExtension.appex */ = {isa = PBXFileReference; explicitFileType = "wrapper.app-extension"; includeInIndex = 0; path = FeedShareExtension.appex; sourceTree = BUILT_PRODUCTS_DIR; };
		F5887B6A251F4C3C00010D30 /* ShareViewController.swift */ = {isa = PBXFileReference; lastKnownFileType = sourcecode.swift; path = ShareViewController.swift; sourceTree = "<group>"; };
		F5887B6D251F4C3C00010D30 /* Base */ = {isa = PBXFileReference; lastKnownFileType = file.storyboard; name = Base; path = Base.lproj/MainInterface.storyboard; sourceTree = "<group>"; };
		F5887B6F251F4C3C00010D30 /* Info.plist */ = {isa = PBXFileReference; lastKnownFileType = text.plist.xml; path = Info.plist; sourceTree = "<group>"; };
		F5961CF1251790C900F93697 /* FeedStream.swift */ = {isa = PBXFileReference; fileEncoding = 4; lastKnownFileType = sourcecode.swift; path = FeedStream.swift; sourceTree = "<group>"; };
		F5961CF32517937D00F93697 /* FeedShareApp.swift */ = {isa = PBXFileReference; fileEncoding = 4; lastKnownFileType = sourcecode.swift; path = FeedShareApp.swift; sourceTree = "<group>"; };
		F5961CF5251793DC00F93697 /* Apollo.framework */ = {isa = PBXFileReference; lastKnownFileType = wrapper.framework; name = Apollo.framework; path = ../Frameworks/Carthage/Build/iOS/Apollo.framework; sourceTree = "<group>"; };
		F5961CF82517946F00F93697 /* ApolloCore.framework */ = {isa = PBXFileReference; lastKnownFileType = wrapper.framework; name = ApolloCore.framework; path = ../Frameworks/Carthage/Build/iOS/ApolloCore.framework; sourceTree = "<group>"; };
		F5D9B32E25166A990079F47B /* R.generated.swift */ = {isa = PBXFileReference; fileEncoding = 4; lastKnownFileType = sourcecode.swift; path = R.generated.swift; sourceTree = "<group>"; };
		F5D9B34625166C4B0079F47B /* en */ = {isa = PBXFileReference; lastKnownFileType = text.plist.strings; name = en; path = en.lproj/Localizable.strings; sourceTree = "<group>"; };
		F5D9B34825166D5C0079F47B /* de */ = {isa = PBXFileReference; lastKnownFileType = text.plist.strings; name = de; path = de.lproj/Localizable.strings; sourceTree = "<group>"; };
		F5D9B34A251675700079F47B /* Rswift.framework */ = {isa = PBXFileReference; lastKnownFileType = wrapper.framework; name = Rswift.framework; path = ../Frameworks/Carthage/Build/iOS/Rswift.framework; sourceTree = "<group>"; };
		F5E7F8E82516527A0036448D /* FeedShare.app */ = {isa = PBXFileReference; explicitFileType = wrapper.application; includeInIndex = 0; path = FeedShare.app; sourceTree = BUILT_PRODUCTS_DIR; };
		F5E7F8EF2516527B0036448D /* Assets.xcassets */ = {isa = PBXFileReference; lastKnownFileType = folder.assetcatalog; path = Assets.xcassets; sourceTree = "<group>"; };
		F5E7F8F22516527B0036448D /* Preview Assets.xcassets */ = {isa = PBXFileReference; lastKnownFileType = folder.assetcatalog; path = "Preview Assets.xcassets"; sourceTree = "<group>"; };
		F5E7F8F42516527B0036448D /* Info.plist */ = {isa = PBXFileReference; lastKnownFileType = text.plist.xml; path = Info.plist; sourceTree = "<group>"; };
/* End PBXFileReference section */

/* Begin PBXFrameworksBuildPhase section */
		F5887B65251F4C3C00010D30 /* Frameworks */ = {
			isa = PBXFrameworksBuildPhase;
			buildActionMask = 2147483647;
			files = (
			);
			runOnlyForDeploymentPostprocessing = 0;
		};
		F5E7F8E52516527A0036448D /* Frameworks */ = {
			isa = PBXFrameworksBuildPhase;
			buildActionMask = 2147483647;
			files = (
				F5D9B34B251675700079F47B /* Rswift.framework in Frameworks */,
				F5961CF6251793DC00F93697 /* Apollo.framework in Frameworks */,
				F5961CF92517946F00F93697 /* ApolloCore.framework in Frameworks */,
			);
			runOnlyForDeploymentPostprocessing = 0;
		};
/* End PBXFrameworksBuildPhase section */

/* Begin PBXGroup section */
		F57B51B42516965300DB7862 /* Logic */ = {
			isa = PBXGroup;
			children = (
				F57B51B7251696AA00DB7862 /* Models.swift */,
			);
			path = Logic;
			sourceTree = "<group>";
		};
		F57B51B92516988000DB7862 /* Interface */ = {
			isa = PBXGroup;
			children = (
				F5961CF1251790C900F93697 /* FeedStream.swift */,
				F57B51C02516994400DB7862 /* ShareRow.swift */,
			);
			path = Interface;
			sourceTree = "<group>";
		};
		F5887B69251F4C3C00010D30 /* FeedShareExtension */ = {
			isa = PBXGroup;
			children = (
				F5887B6A251F4C3C00010D30 /* ShareViewController.swift */,
				F5887B6C251F4C3C00010D30 /* MainInterface.storyboard */,
				F5887B6F251F4C3C00010D30 /* Info.plist */,
			);
			path = FeedShareExtension;
			sourceTree = "<group>";
		};
		F5D9B349251675700079F47B /* Frameworks */ = {
			isa = PBXGroup;
			children = (
				F5961CF82517946F00F93697 /* ApolloCore.framework */,
				F5961CF5251793DC00F93697 /* Apollo.framework */,
				F5D9B34A251675700079F47B /* Rswift.framework */,
			);
			name = Frameworks;
			sourceTree = "<group>";
		};
		F5E7F8DF2516527A0036448D = {
			isa = PBXGroup;
			children = (
				F5E7F8EA2516527A0036448D /* FeedShare */,
				F5887B69251F4C3C00010D30 /* FeedShareExtension */,
				F5E7F8E92516527A0036448D /* Products */,
				F5D9B349251675700079F47B /* Frameworks */,
			);
			sourceTree = "<group>";
		};
		F5E7F8E92516527A0036448D /* Products */ = {
			isa = PBXGroup;
			children = (
				F5E7F8E82516527A0036448D /* FeedShare.app */,
				F5887B68251F4C3C00010D30 /* FeedShareExtension.appex */,
			);
			name = Products;
			sourceTree = "<group>";
		};
		F5E7F8EA2516527A0036448D /* FeedShare */ = {
			isa = PBXGroup;
			children = (
				F5961CF32517937D00F93697 /* FeedShareApp.swift */,
				6762178B2516A10A00C5FE27 /* API.swift */,
				6762178D2516A1C700C5FE27 /* Network.swift */,
				676217882516997000C5FE27 /* ContentView.graphql */,
				F5E7F8EF2516527B0036448D /* Assets.xcassets */,
				F57B51B92516988000DB7862 /* Interface */,
				F57B51B42516965300DB7862 /* Logic */,
				F5E7F90B251653830036448D /* Supporting Files */,
				F5E7F8F12516527B0036448D /* Preview Content */,
			);
			path = FeedShare;
			sourceTree = "<group>";
		};
		F5E7F8F12516527B0036448D /* Preview Content */ = {
			isa = PBXGroup;
			children = (
				F5E7F8F22516527B0036448D /* Preview Assets.xcassets */,
			);
			path = "Preview Content";
			sourceTree = "<group>";
		};
		F5E7F90B251653830036448D /* Supporting Files */ = {
			isa = PBXGroup;
			children = (
				F5D9B32E25166A990079F47B /* R.generated.swift */,
				F5E7F8F42516527B0036448D /* Info.plist */,
				F5D9B34725166C4B0079F47B /* Localizable.strings */,
			);
			path = "Supporting Files";
			sourceTree = "<group>";
		};
/* End PBXGroup section */

/* Begin PBXNativeTarget section */
		F5887B67251F4C3C00010D30 /* FeedShareExtension */ = {
			isa = PBXNativeTarget;
			buildConfigurationList = F5887B76251F4C3C00010D30 /* Build configuration list for PBXNativeTarget "FeedShareExtension" */;
			buildPhases = (
				F5887B64251F4C3C00010D30 /* Sources */,
				F5887B65251F4C3C00010D30 /* Frameworks */,
				F5887B66251F4C3C00010D30 /* Resources */,
			);
			buildRules = (
			);
			dependencies = (
			);
			name = FeedShareExtension;
			productName = FeedShareExtension;
			productReference = F5887B68251F4C3C00010D30 /* FeedShareExtension.appex */;
			productType = "com.apple.product-type.app-extension";
		};
		F5E7F8E72516527A0036448D /* FeedShare */ = {
			isa = PBXNativeTarget;
			buildConfigurationList = F5E7F8F72516527B0036448D /* Build configuration list for PBXNativeTarget "FeedShare" */;
			buildPhases = (
				F5E7F90A251653520036448D /* RSwift */,
				F5E7F8E52516527A0036448D /* Frameworks */,
				F5D9B2E325165D150079F47B /* Carthage Copy Phase */,
				F5E7F90C251654460036448D /* Swiftlint */,
				6762178A25169B2800C5FE27 /* Generate Apollo GraphQL API */,
				F5E7F8E42516527A0036448D /* Sources */,
				F5E7F8E62516527A0036448D /* Resources */,
				F5D9B32D25166A540079F47B /* Embed Frameworks */,
				F5887B73251F4C3C00010D30 /* Embed App Extensions */,
			);
			buildRules = (
			);
			dependencies = (
				F5887B71251F4C3C00010D30 /* PBXTargetDependency */,
			);
			name = FeedShare;
			packageProductDependencies = (
			);
			productName = FeedShare;
			productReference = F5E7F8E82516527A0036448D /* FeedShare.app */;
			productType = "com.apple.product-type.application";
		};
/* End PBXNativeTarget section */

/* Begin PBXProject section */
		F5E7F8E02516527A0036448D /* Project object */ = {
			isa = PBXProject;
			attributes = {
				LastSwiftUpdateCheck = 1200;
				LastUpgradeCheck = 1200;
				TargetAttributes = {
					F5887B67251F4C3C00010D30 = {
						CreatedOnToolsVersion = 12.0.1;
					};
					F5E7F8E72516527A0036448D = {
						CreatedOnToolsVersion = 12.0;
					};
				};
			};
			buildConfigurationList = F5E7F8E32516527A0036448D /* Build configuration list for PBXProject "FeedShare" */;
			compatibilityVersion = "Xcode 9.3";
			developmentRegion = en;
			hasScannedForEncodings = 0;
			knownRegions = (
				en,
				Base,
				de,
			);
			mainGroup = F5E7F8DF2516527A0036448D;
			packageReferences = (
			);
			productRefGroup = F5E7F8E92516527A0036448D /* Products */;
			projectDirPath = "";
			projectRoot = "";
			targets = (
				F5E7F8E72516527A0036448D /* FeedShare */,
				F5887B67251F4C3C00010D30 /* FeedShareExtension */,
			);
		};
/* End PBXProject section */

/* Begin PBXResourcesBuildPhase section */
		F5887B66251F4C3C00010D30 /* Resources */ = {
			isa = PBXResourcesBuildPhase;
			buildActionMask = 2147483647;
			files = (
				F5887B6E251F4C3C00010D30 /* MainInterface.storyboard in Resources */,
			);
			runOnlyForDeploymentPostprocessing = 0;
		};
		F5E7F8E62516527A0036448D /* Resources */ = {
			isa = PBXResourcesBuildPhase;
			buildActionMask = 2147483647;
			files = (
				F5E7F8F32516527B0036448D /* Preview Assets.xcassets in Resources */,
				F5D9B34525166C4B0079F47B /* Localizable.strings in Resources */,
				676217892516997000C5FE27 /* ContentView.graphql in Resources */,
				F5E7F8F02516527B0036448D /* Assets.xcassets in Resources */,
			);
			runOnlyForDeploymentPostprocessing = 0;
		};
/* End PBXResourcesBuildPhase section */

/* Begin PBXShellScriptBuildPhase section */
		6762178A25169B2800C5FE27 /* Generate Apollo GraphQL API */ = {
			isa = PBXShellScriptBuildPhase;
			buildActionMask = 2147483647;
			files = (
			);
			inputFileListPaths = (
			);
			inputPaths = (
			);
			name = "Generate Apollo GraphQL API";
			outputFileListPaths = (
			);
			outputPaths = (
			);
			runOnlyForDeploymentPostprocessing = 0;
			shellPath = /bin/sh;
			shellScript = "SCRIPT_PATH=\"${SRCROOT}/../Frameworks/Carthage/Checkouts/apollo-ios/scripts\"\ncd \"${SRCROOT}/${TARGET_NAME}\"\npwd\n\"${SCRIPT_PATH}\"/run-bundled-codegen.sh codegen:generate --target=swift --includes=./**/*.graphql --localSchemaFile=\"../../../server/api.json\" API.swift\n";
		};
		F5D9B2E325165D150079F47B /* Carthage Copy Phase */ = {
			isa = PBXShellScriptBuildPhase;
			buildActionMask = 8;
			files = (
			);
			inputFileListPaths = (
			);
			inputPaths = (
				"$(SRCROOT)/../Frameworks/Carthage/Build/iOS/Rswift.framework",
				"$(SRCROOT)/../Frameworks/Carthage/Build/iOS/Apollo.framework",
				"$(SRCROOT)/../Frameworks/Carthage/Build/iOS/ApolloCore.framework",
			);
			name = "Carthage Copy Phase";
			outputFileListPaths = (
			);
			outputPaths = (
				"$(BUILT_PRODUCTS_DIR)/$(FRAMEWORKS_FOLDER_PATH)/Rswift.framework",
				"$(BUILT_PRODUCTS_DIR)/$(FRAMEWORKS_FOLDER_PATH)/Apollo.framework",
				"$(BUILT_PRODUCTS_DIR)/$(FRAMEWORKS_FOLDER_PATH)/ApolloCore.framework",
			);
			runOnlyForDeploymentPostprocessing = 1;
			shellPath = /bin/sh;
			shellScript = "/usr/local/bin/carthage copy-frameworks\n\n";
		};
		F5E7F90A251653520036448D /* RSwift */ = {
			isa = PBXShellScriptBuildPhase;
			buildActionMask = 2147483647;
			files = (
			);
			inputFileListPaths = (
			);
			inputPaths = (
				"$TEMP_DIR/rswift-lastrun",
			);
			name = RSwift;
			outputFileListPaths = (
			);
			outputPaths = (
				"$SRCROOT/FeedShare/Supporting Files/R.generated.swift",
			);
			runOnlyForDeploymentPostprocessing = 0;
			shellPath = /bin/sh;
			shellScript = "$SRCROOT/../Scripts/Build-Phase/rswift.sh\n";
		};
		F5E7F90C251654460036448D /* Swiftlint */ = {
			isa = PBXShellScriptBuildPhase;
			buildActionMask = 2147483647;
			files = (
			);
			inputFileListPaths = (
			);
			inputPaths = (
			);
			name = Swiftlint;
			outputFileListPaths = (
			);
			outputPaths = (
			);
			runOnlyForDeploymentPostprocessing = 0;
			shellPath = /bin/sh;
			shellScript = "if which swiftlint >/dev/null; then\n  swiftlint\nelse\n  echo \"warning: SwiftLint not installed, download from https://github.com/realm/SwiftLint\"\nfi\n";
		};
/* End PBXShellScriptBuildPhase section */

/* Begin PBXSourcesBuildPhase section */
		F5887B64251F4C3C00010D30 /* Sources */ = {
			isa = PBXSourcesBuildPhase;
			buildActionMask = 2147483647;
			files = (
				F5887B6B251F4C3C00010D30 /* ShareViewController.swift in Sources */,
			);
			runOnlyForDeploymentPostprocessing = 0;
		};
		F5E7F8E42516527A0036448D /* Sources */ = {
			isa = PBXSourcesBuildPhase;
			buildActionMask = 2147483647;
			files = (
				6762178E2516A1C700C5FE27 /* Network.swift in Sources */,
				6762178C2516A10A00C5FE27 /* API.swift in Sources */,
				F5D9B32F25166A990079F47B /* R.generated.swift in Sources */,
				F57B51B8251696AA00DB7862 /* Models.swift in Sources */,
				F57B51C12516994400DB7862 /* ShareRow.swift in Sources */,
				F5961CF2251790C900F93697 /* FeedStream.swift in Sources */,
				F5961CF42517937D00F93697 /* FeedShareApp.swift in Sources */,
			);
			runOnlyForDeploymentPostprocessing = 0;
		};
/* End PBXSourcesBuildPhase section */

/* Begin PBXTargetDependency section */
		F5887B71251F4C3C00010D30 /* PBXTargetDependency */ = {
			isa = PBXTargetDependency;
			target = F5887B67251F4C3C00010D30 /* FeedShareExtension */;
			targetProxy = F5887B70251F4C3C00010D30 /* PBXContainerItemProxy */;
		};
/* End PBXTargetDependency section */

/* Begin PBXVariantGroup section */
		F5887B6C251F4C3C00010D30 /* MainInterface.storyboard */ = {
			isa = PBXVariantGroup;
			children = (
				F5887B6D251F4C3C00010D30 /* Base */,
			);
			name = MainInterface.storyboard;
			sourceTree = "<group>";
		};
		F5D9B34725166C4B0079F47B /* Localizable.strings */ = {
			isa = PBXVariantGroup;
			children = (
				F5D9B34625166C4B0079F47B /* en */,
				F5D9B34825166D5C0079F47B /* de */,
			);
			name = Localizable.strings;
			sourceTree = "<group>";
		};
/* End PBXVariantGroup section */

/* Begin XCBuildConfiguration section */
		F5887B74251F4C3C00010D30 /* Debug */ = {
			isa = XCBuildConfiguration;
			buildSettings = {
				CODE_SIGN_STYLE = Automatic;
				DEVELOPMENT_TEAM = D795YX3ET6;
				INFOPLIST_FILE = FeedShareExtension/Info.plist;
				LD_RUNPATH_SEARCH_PATHS = (
					"$(inherited)",
					"@executable_path/Frameworks",
					"@executable_path/../../Frameworks",
				);
				PRODUCT_BUNDLE_IDENTIFIER = com.feedshare.FeedShare.FeedShareExtension;
				PRODUCT_NAME = "$(TARGET_NAME)";
				SKIP_INSTALL = YES;
				SWIFT_VERSION = 5.0;
				TARGETED_DEVICE_FAMILY = "1,2";
			};
			name = Debug;
		};
		F5887B75251F4C3C00010D30 /* Release */ = {
			isa = XCBuildConfiguration;
			buildSettings = {
				CODE_SIGN_STYLE = Automatic;
				DEVELOPMENT_TEAM = D795YX3ET6;
				INFOPLIST_FILE = FeedShareExtension/Info.plist;
				LD_RUNPATH_SEARCH_PATHS = (
					"$(inherited)",
					"@executable_path/Frameworks",
					"@executable_path/../../Frameworks",
				);
				PRODUCT_BUNDLE_IDENTIFIER = com.feedshare.FeedShare.FeedShareExtension;
				PRODUCT_NAME = "$(TARGET_NAME)";
				SKIP_INSTALL = YES;
				SWIFT_VERSION = 5.0;
				TARGETED_DEVICE_FAMILY = "1,2";
			};
			name = Release;
		};
		F5E7F8F52516527B0036448D /* Debug */ = {
			isa = XCBuildConfiguration;
			buildSettings = {
				ALWAYS_SEARCH_USER_PATHS = NO;
				CLANG_ANALYZER_LOCALIZABILITY_NONLOCALIZED = YES;
				CLANG_ANALYZER_NONNULL = YES;
				CLANG_ANALYZER_NUMBER_OBJECT_CONVERSION = YES_AGGRESSIVE;
				CLANG_CXX_LANGUAGE_STANDARD = "gnu++14";
				CLANG_CXX_LIBRARY = "libc++";
				CLANG_ENABLE_MODULES = YES;
				CLANG_ENABLE_OBJC_ARC = YES;
				CLANG_ENABLE_OBJC_WEAK = YES;
				CLANG_WARN_BLOCK_CAPTURE_AUTORELEASING = YES;
				CLANG_WARN_BOOL_CONVERSION = YES;
				CLANG_WARN_COMMA = YES;
				CLANG_WARN_CONSTANT_CONVERSION = YES;
				CLANG_WARN_DEPRECATED_OBJC_IMPLEMENTATIONS = YES;
				CLANG_WARN_DIRECT_OBJC_ISA_USAGE = YES_ERROR;
				CLANG_WARN_DOCUMENTATION_COMMENTS = YES;
				CLANG_WARN_EMPTY_BODY = YES;
				CLANG_WARN_ENUM_CONVERSION = YES;
				CLANG_WARN_INFINITE_RECURSION = YES;
				CLANG_WARN_INT_CONVERSION = YES;
				CLANG_WARN_NON_LITERAL_NULL_CONVERSION = YES;
				CLANG_WARN_OBJC_IMPLICIT_RETAIN_SELF = YES;
				CLANG_WARN_OBJC_LITERAL_CONVERSION = YES;
				CLANG_WARN_OBJC_ROOT_CLASS = YES_ERROR;
				CLANG_WARN_QUOTED_INCLUDE_IN_FRAMEWORK_HEADER = YES;
				CLANG_WARN_RANGE_LOOP_ANALYSIS = YES;
				CLANG_WARN_STRICT_PROTOTYPES = YES;
				CLANG_WARN_SUSPICIOUS_MOVE = YES;
				CLANG_WARN_UNGUARDED_AVAILABILITY = YES_AGGRESSIVE;
				CLANG_WARN_UNREACHABLE_CODE = YES;
				CLANG_WARN__DUPLICATE_METHOD_MATCH = YES;
				COPY_PHASE_STRIP = NO;
				DEBUG_INFORMATION_FORMAT = dwarf;
				ENABLE_STRICT_OBJC_MSGSEND = YES;
				ENABLE_TESTABILITY = YES;
				FRAMEWORK_SEARCH_PATHS = "$(SRCROOT)/../Frameworks/Carthage/Build/iOS";
				GCC_C_LANGUAGE_STANDARD = gnu11;
				GCC_DYNAMIC_NO_PIC = NO;
				GCC_NO_COMMON_BLOCKS = YES;
				GCC_OPTIMIZATION_LEVEL = 0;
				GCC_PREPROCESSOR_DEFINITIONS = (
					"DEBUG=1",
					"$(inherited)",
				);
				GCC_WARN_64_TO_32_BIT_CONVERSION = YES;
				GCC_WARN_ABOUT_RETURN_TYPE = YES_ERROR;
				GCC_WARN_UNDECLARED_SELECTOR = YES;
				GCC_WARN_UNINITIALIZED_AUTOS = YES_AGGRESSIVE;
				GCC_WARN_UNUSED_FUNCTION = YES;
				GCC_WARN_UNUSED_VARIABLE = YES;
				IPHONEOS_DEPLOYMENT_TARGET = 14.0;
				MTL_ENABLE_DEBUG_INFO = INCLUDE_SOURCE;
				MTL_FAST_MATH = YES;
				ONLY_ACTIVE_ARCH = YES;
				SDKROOT = iphoneos;
				SWIFT_ACTIVE_COMPILATION_CONDITIONS = DEBUG;
				SWIFT_OPTIMIZATION_LEVEL = "-Onone";
			};
			name = Debug;
		};
		F5E7F8F62516527B0036448D /* Release */ = {
			isa = XCBuildConfiguration;
			buildSettings = {
				ALWAYS_SEARCH_USER_PATHS = NO;
				CLANG_ANALYZER_LOCALIZABILITY_NONLOCALIZED = YES;
				CLANG_ANALYZER_NONNULL = YES;
				CLANG_ANALYZER_NUMBER_OBJECT_CONVERSION = YES_AGGRESSIVE;
				CLANG_CXX_LANGUAGE_STANDARD = "gnu++14";
				CLANG_CXX_LIBRARY = "libc++";
				CLANG_ENABLE_MODULES = YES;
				CLANG_ENABLE_OBJC_ARC = YES;
				CLANG_ENABLE_OBJC_WEAK = YES;
				CLANG_WARN_BLOCK_CAPTURE_AUTORELEASING = YES;
				CLANG_WARN_BOOL_CONVERSION = YES;
				CLANG_WARN_COMMA = YES;
				CLANG_WARN_CONSTANT_CONVERSION = YES;
				CLANG_WARN_DEPRECATED_OBJC_IMPLEMENTATIONS = YES;
				CLANG_WARN_DIRECT_OBJC_ISA_USAGE = YES_ERROR;
				CLANG_WARN_DOCUMENTATION_COMMENTS = YES;
				CLANG_WARN_EMPTY_BODY = YES;
				CLANG_WARN_ENUM_CONVERSION = YES;
				CLANG_WARN_INFINITE_RECURSION = YES;
				CLANG_WARN_INT_CONVERSION = YES;
				CLANG_WARN_NON_LITERAL_NULL_CONVERSION = YES;
				CLANG_WARN_OBJC_IMPLICIT_RETAIN_SELF = YES;
				CLANG_WARN_OBJC_LITERAL_CONVERSION = YES;
				CLANG_WARN_OBJC_ROOT_CLASS = YES_ERROR;
				CLANG_WARN_QUOTED_INCLUDE_IN_FRAMEWORK_HEADER = YES;
				CLANG_WARN_RANGE_LOOP_ANALYSIS = YES;
				CLANG_WARN_STRICT_PROTOTYPES = YES;
				CLANG_WARN_SUSPICIOUS_MOVE = YES;
				CLANG_WARN_UNGUARDED_AVAILABILITY = YES_AGGRESSIVE;
				CLANG_WARN_UNREACHABLE_CODE = YES;
				CLANG_WARN__DUPLICATE_METHOD_MATCH = YES;
				COPY_PHASE_STRIP = NO;
				DEBUG_INFORMATION_FORMAT = "dwarf-with-dsym";
				ENABLE_NS_ASSERTIONS = NO;
				ENABLE_STRICT_OBJC_MSGSEND = YES;
				FRAMEWORK_SEARCH_PATHS = "$(SRCROOT)/../Frameworks/Carthage/Build/iOS";
				GCC_C_LANGUAGE_STANDARD = gnu11;
				GCC_NO_COMMON_BLOCKS = YES;
				GCC_WARN_64_TO_32_BIT_CONVERSION = YES;
				GCC_WARN_ABOUT_RETURN_TYPE = YES_ERROR;
				GCC_WARN_UNDECLARED_SELECTOR = YES;
				GCC_WARN_UNINITIALIZED_AUTOS = YES_AGGRESSIVE;
				GCC_WARN_UNUSED_FUNCTION = YES;
				GCC_WARN_UNUSED_VARIABLE = YES;
				IPHONEOS_DEPLOYMENT_TARGET = 14.0;
				MTL_ENABLE_DEBUG_INFO = NO;
				MTL_FAST_MATH = YES;
				SDKROOT = iphoneos;
				SWIFT_COMPILATION_MODE = wholemodule;
				SWIFT_OPTIMIZATION_LEVEL = "-O";
				VALIDATE_PRODUCT = YES;
			};
			name = Release;
		};
		F5E7F8F82516527B0036448D /* Debug */ = {
			isa = XCBuildConfiguration;
			buildSettings = {
				ALWAYS_EMBED_SWIFT_STANDARD_LIBRARIES = YES;
				ASSETCATALOG_COMPILER_APPICON_NAME = AppIcon;
				ASSETCATALOG_COMPILER_GLOBAL_ACCENT_COLOR_NAME = AccentColor;
				CODE_SIGN_STYLE = Automatic;
				DEVELOPMENT_ASSET_PATHS = "\"FeedShare/Preview Content\"";
				DEVELOPMENT_TEAM = D795YX3ET6;
				ENABLE_PREVIEWS = YES;
				INFOPLIST_FILE = "$(SRCROOT)/FeedShare/Supporting Files/Info.plist";
				IPHONEOS_DEPLOYMENT_TARGET = 14.0;
				LD_RUNPATH_SEARCH_PATHS = (
					"$(inherited)",
					"@executable_path/Frameworks",
				);
				PRODUCT_BUNDLE_IDENTIFIER = com.feedshare.FeedShare;
				PRODUCT_NAME = "$(TARGET_NAME)";
				SUPPORTS_MACCATALYST = NO;
				SWIFT_VERSION = 5.0;
				TARGETED_DEVICE_FAMILY = "1,2";
			};
			name = Debug;
		};
		F5E7F8F92516527B0036448D /* Release */ = {
			isa = XCBuildConfiguration;
			buildSettings = {
				ALWAYS_EMBED_SWIFT_STANDARD_LIBRARIES = YES;
				ASSETCATALOG_COMPILER_APPICON_NAME = AppIcon;
				ASSETCATALOG_COMPILER_GLOBAL_ACCENT_COLOR_NAME = AccentColor;
				CODE_SIGN_STYLE = Automatic;
				DEVELOPMENT_ASSET_PATHS = "\"FeedShare/Preview Content\"";
				DEVELOPMENT_TEAM = D795YX3ET6;
				ENABLE_PREVIEWS = YES;
				INFOPLIST_FILE = "$(SRCROOT)/FeedShare/Supporting Files/Info.plist";
				IPHONEOS_DEPLOYMENT_TARGET = 14.0;
				LD_RUNPATH_SEARCH_PATHS = (
					"$(inherited)",
					"@executable_path/Frameworks",
				);
				PRODUCT_BUNDLE_IDENTIFIER = com.feedshare.FeedShare;
				PRODUCT_NAME = "$(TARGET_NAME)";
				SUPPORTS_MACCATALYST = NO;
				SWIFT_VERSION = 5.0;
				TARGETED_DEVICE_FAMILY = "1,2";
			};
			name = Release;
		};
/* End XCBuildConfiguration section */

/* Begin XCConfigurationList section */
		F5887B76251F4C3C00010D30 /* Build configuration list for PBXNativeTarget "FeedShareExtension" */ = {
			isa = XCConfigurationList;
			buildConfigurations = (
				F5887B74251F4C3C00010D30 /* Debug */,
				F5887B75251F4C3C00010D30 /* Release */,
			);
			defaultConfigurationIsVisible = 0;
			defaultConfigurationName = Release;
		};
		F5E7F8E32516527A0036448D /* Build configuration list for PBXProject "FeedShare" */ = {
			isa = XCConfigurationList;
			buildConfigurations = (
				F5E7F8F52516527B0036448D /* Debug */,
				F5E7F8F62516527B0036448D /* Release */,
			);
			defaultConfigurationIsVisible = 0;
			defaultConfigurationName = Release;
		};
		F5E7F8F72516527B0036448D /* Build configuration list for PBXNativeTarget "FeedShare" */ = {
			isa = XCConfigurationList;
			buildConfigurations = (
				F5E7F8F82516527B0036448D /* Debug */,
				F5E7F8F92516527B0036448D /* Release */,
			);
			defaultConfigurationIsVisible = 0;
			defaultConfigurationName = Release;
		};
/* End XCConfigurationList section */
	};
	rootObject = F5E7F8E02516527A0036448D /* Project object */;
}
